// !$*UTF8*$!
{
	archiveVersion = 1;
	classes = {
	};
	objectVersion = 77;
	objects = {

/* Begin PBXContainerItemProxy section */
		E1DAC55D2FDF5A4B00BD81E5 /* PBXContainerItemProxy */ = {
			isa = PBXContainerItemProxy;
			containerPortal = E13811C52FDB795C009C141B /* Project object */;
			proxyType = 1;
			remoteGlobalIDString = E13811CC2FDB795C009C141B;
			remoteInfo = NextSeason;
		};
		E1UI00072FE400000076FCDD /* PBXContainerItemProxy */ = {
			isa = PBXContainerItemProxy;
			containerPortal = E13811C52FDB795C009C141B /* Project object */;
			proxyType = 1;
			remoteGlobalIDString = E13811CC2FDB795C009C141B;
			remoteInfo = NextSeason;
		};
/* End PBXContainerItemProxy section */

/* Begin PBXFileReference section */
		E102EA9F2FE356E70076FCDD /* Phase1.md */ = {isa = PBXFileReference; lastKnownFileType = net.daringfireball.markdown; path = Phase1.md; sourceTree = "<group>"; };
		E102EAA02FE356E70076FCDD /* Phase2.md */ = {isa = PBXFileReference; lastKnownFileType = net.daringfireball.markdown; path = Phase2.md; sourceTree = "<group>"; };
		E102EAA22FE356E70076FCDD /* ChatGPT Review of Phases 1-3.md */ = {isa = PBXFileReference; lastKnownFileType = net.daringfireball.markdown; path = "ChatGPT Review of Phases 1-3.md"; sourceTree = "<group>"; };
		E102EAA32FE356E70076FCDD /* Phase3.md */ = {isa = PBXFileReference; lastKnownFileType = net.daringfireball.markdown; path = Phase3.md; sourceTree = "<group>"; };
		E102EAA42FE356E70076FCDD /* Post Review Updates.md */ = {isa = PBXFileReference; lastKnownFileType = net.daringfireball.markdown; path = "Post Review Updates.md"; sourceTree = "<group>"; };
		E102EAA62FE356E70076FCDD /* ChatGPT Review of Phase 4 Slice 1.md */ = {isa = PBXFileReference; lastKnownFileType = net.daringfireball.markdown; path = "ChatGPT Review of Phase 4 Slice 1.md"; sourceTree = "<group>"; };
		E102EAA72FE356E70076FCDD /* Phase 4 Slice 1 Implement Review Items.md */ = {isa = PBXFileReference; lastKnownFileType = net.daringfireball.markdown; path = "Phase 4 Slice 1 Implement Review Items.md"; sourceTree = "<group>"; };
		E102EAA82FE356E70076FCDD /* Phase4-Slice1.md */ = {isa = PBXFileReference; lastKnownFileType = net.daringfireball.markdown; path = "Phase4-Slice1.md"; sourceTree = "<group>"; };
		E102EAAA2FE356E70076FCDD /* ChatGPT Review of Phase 4 Slice 2.md */ = {isa = PBXFileReference; lastKnownFileType = net.daringfireball.markdown; path = "ChatGPT Review of Phase 4 Slice 2.md"; sourceTree = "<group>"; };
		E102EAAB2FE356E70076FCDD /* Implement Remaining MVP Items.md */ = {isa = PBXFileReference; lastKnownFileType = net.daringfireball.markdown; path = "Implement Remaining MVP Items.md"; sourceTree = "<group>"; };
		E102EAAC2FE356E70076FCDD /* Phase 4 Slice 1 wrapup.md */ = {isa = PBXFileReference; lastKnownFileType = net.daringfireball.markdown; path = "Phase 4 Slice 1 wrapup.md"; sourceTree = "<group>"; };
		E102EAAD2FE356E70076FCDD /* Phase 4 Slice 2.md */ = {isa = PBXFileReference; lastKnownFileType = net.daringfireball.markdown; path = "Phase 4 Slice 2.md"; sourceTree = "<group>"; };
		E102EAAE2FE356E70076FCDD /* Phase 4 Slice 2 Implement Review Items.md */ = {isa = PBXFileReference; lastKnownFileType = net.daringfireball.markdown; path = "Phase 4 Slice 2 Implement Review Items.md"; sourceTree = "<group>"; };
		E102EAB02FE356E70076FCDD /* ChatGPT Review of MVP.md */ = {isa = PBXFileReference; lastKnownFileType = net.daringfireball.markdown; path = "ChatGPT Review of MVP.md"; sourceTree = "<group>"; };
		E102EAB12FE356E70076FCDD /* MVP Implement Review Items.md */ = {isa = PBXFileReference; lastKnownFileType = net.daringfireball.markdown; path = "MVP Implement Review Items.md"; sourceTree = "<group>"; };
		E102EAB32FE3572D0076FCDD /* Improve transcript file organization.md */ = {isa = PBXFileReference; lastKnownFileType = net.daringfireball.markdown; path = "Improve transcript file organization.md"; sourceTree = "<group>"; };
		E102EFC62FE36AE50076FCDD /* Add UI Tests.md */ = {isa = PBXFileReference; lastKnownFileType = net.daringfireball.markdown; path = "Add UI Tests.md"; sourceTree = "<group>"; };
		E102F0F82FE5E84C0076FCDD /* Implement Review Items for Notifications.md */ = {isa = PBXFileReference; lastKnownFileType = net.daringfireball.markdown; path = "Implement Review Items for Notifications.md"; sourceTree = "<group>"; };
		E102F0F92FE5F0F60076FCDD /* Building Post-MVP Planning Documents.pdf */ = {isa = PBXFileReference; lastKnownFileType = image.pdf; path = "Building Post-MVP Planning Documents.pdf"; sourceTree = "<group>"; };
		E102F1002FE5F3D70076FCDD /* Post-MVP Roadmap.md */ = {isa = PBXFileReference; lastKnownFileType = net.daringfireball.markdown; path = "Post-MVP Roadmap.md"; sourceTree = "<group>"; };
		E117D3C52FEB2C2000C02ADC /* Plan Search Improvements.pdf */ = {isa = PBXFileReference; lastKnownFileType = image.pdf; path = "Plan Search Improvements.pdf"; sourceTree = "<group>"; };
		E117D3C62FEB2C2900C02ADC /* Search Discussion.md */ = {isa = PBXFileReference; lastKnownFileType = net.daringfireball.markdown; path = "Search Discussion.md"; sourceTree = "<group>"; };
		E117D4592FEB342D00C02ADC /* Implement Search improvements */ = {isa = PBXFileReference; lastKnownFileType = text; path = "Implement Search improvements"; sourceTree = "<group>"; };
		E117D57E2FEB389E00C02ADC /* Add Additional UI Tests.md */ = {isa = PBXFileReference; lastKnownFileType = net.daringfireball.markdown; path = "Add Additional UI Tests.md"; sourceTree = "<group>"; };
		E117D5802FEC40CD00C02ADC /* Implement Watchlist Discovery.md */ = {isa = PBXFileReference; lastKnownFileType = net.daringfireball.markdown; path = "Implement Watchlist Discovery.md"; sourceTree = "<group>"; };
		E117D5812FEC41D000C02ADC /* Additional Watchlist Planning.pdf */ = {isa = PBXFileReference; lastKnownFileType = image.pdf; path = "Additional Watchlist Planning.pdf"; sourceTree = "<group>"; };
		E117D58D2FEC85ED00C02ADC /* Implement Watchlist Redesign.md */ = {isa = PBXFileReference; lastKnownFileType = net.daringfireball.markdown; path = "Implement Watchlist Redesign.md"; sourceTree = "<group>"; };
		E117D6C62FEC8C7B00C02ADC /* Add Accessibility Details.pdf */ = {isa = PBXFileReference; lastKnownFileType = image.pdf; path = "Add Accessibility Details.pdf"; sourceTree = "<group>"; };
		E13811CD2FDB795C009C141B /* NextSeason.app */ = {isa = PBXFileReference; explicitFileType = wrapper.application; includeInIndex = 0; path = NextSeason.app; sourceTree = BUILT_PRODUCTS_DIR; };
		E13811E42FDCAFE0009C141B /* AGENTS.md */ = {isa = PBXFileReference; lastKnownFileType = net.daringfireball.markdown; path = AGENTS.md; sourceTree = "<group>"; };
		E17E04942FDE291A00708D7A /* MVPDefinition.md */ = {isa = PBXFileReference; lastKnownFileType = net.daringfireball.markdown; path = MVPDefinition.md; sourceTree = "<group>"; };
		E17E04952FDE291A00708D7A /* ProblemStatement.md */ = {isa = PBXFileReference; lastKnownFileType = net.daringfireball.markdown; path = ProblemStatement.md; sourceTree = "<group>"; };
		E197EC972FF06ED800D34A28 /* Fix UI Test Failure.md */ = {isa = PBXFileReference; lastKnownFileType = net.daringfireball.markdown; path = "Fix UI Test Failure.md"; sourceTree = "<group>"; };
		E197EF1D2FF31B8200D34A28 /* Instruments discussion.pdf */ = {isa = PBXFileReference; lastKnownFileType = image.pdf; path = "Instruments discussion.pdf"; sourceTree = "<group>"; };
		E197EF202FF31C0B00D34A28 /* Instruments Report Stage 1.md */ = {isa = PBXFileReference; lastKnownFileType = net.daringfireball.markdown; path = "Instruments Report Stage 1.md"; sourceTree = "<group>"; };
		E197EF212FF31C3B00D34A28 /* Instruments Report Stage 2.md */ = {isa = PBXFileReference; lastKnownFileType = net.daringfireball.markdown; path = "Instruments Report Stage 2.md"; sourceTree = "<group>"; };
		E197EF222FF31E9100D34A28 /* Instruments Post-Report Discussion.pdf */ = {isa = PBXFileReference; lastKnownFileType = image.pdf; path = "Instruments Post-Report Discussion.pdf"; sourceTree = "<group>"; };
		E197F2752FF39AF100D34A28 /* Fix watchlist refresh crash.md */ = {isa = PBXFileReference; lastKnownFileType = net.daringfireball.markdown; path = "Fix watchlist refresh crash.md"; sourceTree = "<group>"; };
		E197F2762FF39B3B00D34A28 /* Plan for fixing watchlist refresh crash.md */ = {isa = PBXFileReference; lastKnownFileType = net.daringfireball.markdown; path = "Plan for fixing watchlist refresh crash.md"; sourceTree = "<group>"; };
		E197F4242FF43B5000D34A28 /* Discuss ModelContainer init failures.md */ = {isa = PBXFileReference; lastKnownFileType = net.daringfireball.markdown; path = "Discuss ModelContainer init failures.md"; sourceTree = "<group>"; };
		E197F4252FF46A7800D34A28 /* 01_system_architecture.md */ = {isa = PBXFileReference; lastKnownFileType = net.daringfireball.markdown; path = 01_system_architecture.md; sourceTree = "<group>"; };
		E197F4262FF46A7800D34A28 /* 02_app_startup_and_environment.md */ = {isa = PBXFileReference; lastKnownFileType = net.daringfireball.markdown; path = 02_app_startup_and_environment.md; sourceTree = "<group>"; };
		E197F4272FF46A7800D34A28 /* 03_search_flow.md */ = {isa = PBXFileReference; lastKnownFileType = net.daringfireball.markdown; path = 03_search_flow.md; sourceTree = "<group>"; };
		E197F4282FF46A7800D34A28 /* 04_show_detail_and_watchlist_flow.md */ = {isa = PBXFileReference; lastKnownFileType = net.daringfireball.markdown; path = 04_show_detail_and_watchlist_flow.md; sourceTree = "<group>"; };
		E197F4292FF46A7800D34A28 /* 05_background_refresh_and_notifications.md */ = {isa = PBXFileReference; lastKnownFileType = net.daringfireball.markdown; path = 05_background_refresh_and_notifications.md; sourceTree = "<group>"; };
		E197F42A2FF46A7800D34A28 /* 06_data_model.md */ = {isa = PBXFileReference; lastKnownFileType = net.daringfireball.markdown; path = 06_data_model.md; sourceTree = "<group>"; };
		E197F42B2FF46A7800D34A28 /* 07_dependencies_and_boundaries.md */ = {isa = PBXFileReference; lastKnownFileType = net.daringfireball.markdown; path = 07_dependencies_and_boundaries.md; sourceTree = "<group>"; };
		E197F42C2FF46A7800D34A28 /* 08_analytics_and_diagnostics.md */ = {isa = PBXFileReference; lastKnownFileType = net.daringfireball.markdown; path = 08_analytics_and_diagnostics.md; sourceTree = "<group>"; };
		E197F42D2FF46A7800D34A28 /* 09_post_mvp_architecture.md */ = {isa = PBXFileReference; lastKnownFileType = net.daringfireball.markdown; path = 09_post_mvp_architecture.md; sourceTree = "<group>"; };
		E197F42E2FF46A7800D34A28 /* README.md */ = {isa = PBXFileReference; lastKnownFileType = net.daringfireball.markdown; path = README.md; sourceTree = "<group>"; };
		E197F42F2FF47B1700D34A28 /* README.md */ = {isa = PBXFileReference; lastKnownFileType = net.daringfireball.markdown; path = README.md; sourceTree = "<group>"; };
		E197F4302FF48AA200D34A28 /* Improve Theme switcher.md */ = {isa = PBXFileReference; lastKnownFileType = net.daringfireball.markdown; path = "Improve Theme switcher.md"; sourceTree = "<group>"; };
		E197F5E72FF48E4100D34A28 /* Add notification options to Diagnostic menu.md */ = {isa = PBXFileReference; lastKnownFileType = net.daringfireball.markdown; path = "Add notification options to Diagnostic menu.md"; sourceTree = "<group>"; };
		E197FEAF2FF7134F00D34A28 /* MVP-Search-Results.PNG */ = {isa = PBXFileReference; lastKnownFileType = image.png; path = "MVP-Search-Results.PNG"; sourceTree = "<group>"; };
		E1DA26BC2FDDD99700C37DAC /* safety.mdc */ = {isa = PBXFileReference; lastKnownFileType = text; name = safety.mdc; path = .cursor/rules/safety.mdc; sourceTree = "<group>"; };
		E1DA26BD2FDDD99700C37DAC /* swiftui-project-style.mdc */ = {isa = PBXFileReference; lastKnownFileType = text; name = "swiftui-project-style.mdc"; path = ".cursor/rules/swiftui-project-style.mdc"; sourceTree = "<group>"; };
		E1DA26C02FDDDE7400C37DAC /* ProjectKickoff.md */ = {isa = PBXFileReference; lastKnownFileType = net.daringfireball.markdown; path = ProjectKickoff.md; sourceTree = "<group>"; };
		E1DAC5472FDE2E1F00BD81E5 /* DecisionLog.md */ = {isa = PBXFileReference; lastKnownFileType = net.daringfireball.markdown; path = DecisionLog.md; sourceTree = "<group>"; };
		E1DAC5482FDE2E1F00BD81E5 /* FunctionalRequirements.md */ = {isa = PBXFileReference; lastKnownFileType = net.daringfireball.markdown; path = FunctionalRequirements.md; sourceTree = "<group>"; };
		E1DAC54C2FDE2E1F00BD81E5 /* MVPBacklog.md */ = {isa = PBXFileReference; lastKnownFileType = net.daringfireball.markdown; path = MVPBacklog.md; sourceTree = "<group>"; };
		E1DAC54D2FDE2E1F00BD81E5 /* UserStories.md */ = {isa = PBXFileReference; lastKnownFileType = net.daringfireball.markdown; path = UserStories.md; sourceTree = "<group>"; };
		E1DAC54E2FDF23EE00BD81E5 /* Notes.md */ = {isa = PBXFileReference; lastKnownFileType = net.daringfireball.markdown; path = Notes.md; sourceTree = "<group>"; };
		E1DAC54F2FDF358800BD81E5 /* Architecture.md */ = {isa = PBXFileReference; lastKnownFileType = net.daringfireball.markdown; path = Architecture.md; sourceTree = "<group>"; };
		E1DAC5502FDF358800BD81E5 /* ProductSpec.md */ = {isa = PBXFileReference; lastKnownFileType = net.daringfireball.markdown; path = ProductSpec.md; sourceTree = "<group>"; };
		E1DAC5512FDF358800BD81E5 /* TVMazeResearch.md */ = {isa = PBXFileReference; lastKnownFileType = net.daringfireball.markdown; path = TVMazeResearch.md; sourceTree = "<group>"; };
		E1DAC5592FDF5A4B00BD81E5 /* NextSeasonTests.xctest */ = {isa = PBXFileReference; explicitFileType = wrapper.cfbundle; includeInIndex = 0; path = NextSeasonTests.xctest; sourceTree = BUILT_PRODUCTS_DIR; };
		E1F0A0012FE200000076FCDD /* App-Info.plist */ = {isa = PBXFileReference; lastKnownFileType = text.plist.xml; path = "App-Info.plist"; sourceTree = "<group>"; };
		E1F2592C2FECA491006D0E58 /* Implement Visual and UI Polish.md */ = {isa = PBXFileReference; lastKnownFileType = net.daringfireball.markdown; path = "Implement Visual and UI Polish.md"; sourceTree = "<group>"; };
		E1F25BC72FEDAF46006D0E58 /* Update Release Readiness for Feedback and Analyics.pdf */ = {isa = PBXFileReference; lastKnownFileType = image.pdf; path = "Update Release Readiness for Feedback and Analyics.pdf"; sourceTree = "<group>"; };
		E1F25BC82FEDAF5A006D0E58 /* Release Readiness.md */ = {isa = PBXFileReference; lastKnownFileType = net.daringfireball.markdown; path = "Release Readiness.md"; sourceTree = "<group>"; };
		E1F25DCF2FEDB3D8006D0E58 /* Implement First Run Experience.md */ = {isa = PBXFileReference; lastKnownFileType = net.daringfireball.markdown; path = "Implement First Run Experience.md"; sourceTree = "<group>"; };
		E1F25DD82FEDC3D6006D0E58 /* Implement Analytics.md */ = {isa = PBXFileReference; lastKnownFileType = net.daringfireball.markdown; path = "Implement Analytics.md"; sourceTree = "<group>"; };
		E1F25F392FEDC87B006D0E58 /* Fix search keyboard bug.md */ = {isa = PBXFileReference; lastKnownFileType = net.daringfireball.markdown; path = "Fix search keyboard bug.md"; sourceTree = "<group>"; };
		E1F260B22FEDD75E006D0E58 /* Implement Color Theme Switcher.md */ = {isa = PBXFileReference; lastKnownFileType = net.daringfireball.markdown; path = "Implement Color Theme Switcher.md"; sourceTree = "<group>"; };
		E1F2680C2FEDDC26006D0E58 /* Move target ios version to 18.md */ = {isa = PBXFileReference; lastKnownFileType = net.daringfireball.markdown; path = "Move target ios version to 18.md"; sourceTree = "<group>"; };
		E1F268CD2FEDF477006D0E58 /* Improve App Icon.md */ = {isa = PBXFileReference; lastKnownFileType = net.daringfireball.markdown; path = "Improve App Icon.md"; sourceTree = "<group>"; };
		E1F26A492FEDFAFF006D0E58 /* Code Review and Analytics Discussion.pdf */ = {isa = PBXFileReference; lastKnownFileType = image.pdf; path = "Code Review and Analytics Discussion.pdf"; sourceTree = "<group>"; };
		E1F26A4B2FEDFCFA006D0E58 /* Analytics Recommendations.md */ = {isa = PBXFileReference; lastKnownFileType = net.daringfireball.markdown; path = "Analytics Recommendations.md"; sourceTree = "<group>"; };
		E1F26A542FEE1B3A006D0E58 /* Implement additional Analytics.md */ = {isa = PBXFileReference; lastKnownFileType = net.daringfireball.markdown; path = "Implement additional Analytics.md"; sourceTree = "<group>"; };
		E1F26BE52FEE285B006D0E58 /* Discuss fix for genre breaking before separator.md */ = {isa = PBXFileReference; lastKnownFileType = net.daringfireball.markdown; path = "Discuss fix for genre breaking before separator.md"; sourceTree = "<group>"; };
		E1UI00012FE400000076FCDD /* NextSeasonUITests.xctest */ = {isa = PBXFileReference; explicitFileType = wrapper.cfbundle; includeInIndex = 0; path = NextSeasonUITests.xctest; sourceTree = BUILT_PRODUCTS_DIR; };
/* End PBXFileReference section */

/* Begin PBXFileSystemSynchronizedRootGroup section */
		E13811CF2FDB795C009C141B /* NextSeason */ = {
			isa = PBXFileSystemSynchronizedRootGroup;
			path = NextSeason;
			sourceTree = "<group>";
		};
		E1DAC55A2FDF5A4B00BD81E5 /* NextSeasonTests */ = {
			isa = PBXFileSystemSynchronizedRootGroup;
			path = NextSeasonTests;
			sourceTree = "<group>";
		};
		E1UI00022FE400000076FCDD /* NextSeasonUITests */ = {
			isa = PBXFileSystemSynchronizedRootGroup;
			path = NextSeasonUITests;
			sourceTree = "<group>";
		};
/* End PBXFileSystemSynchronizedRootGroup section */

/* Begin PBXFrameworksBuildPhase section */
		E13811CA2FDB795C009C141B /* Frameworks */ = {
			isa = PBXFrameworksBuildPhase;
			buildActionMask = 2147483647;
			files = (
			);
			runOnlyForDeploymentPostprocessing = 0;
		};
		E1DAC5562FDF5A4B00BD81E5 /* Frameworks */ = {
			isa = PBXFrameworksBuildPhase;
			buildActionMask = 2147483647;
			files = (
			);
			runOnlyForDeploymentPostprocessing = 0;
		};
		E1UI00052FE400000076FCDD /* Frameworks */ = {
			isa = PBXFrameworksBuildPhase;
			buildActionMask = 2147483647;
			files = (
			);
			runOnlyForDeploymentPostprocessing = 0;
		};
/* End PBXFrameworksBuildPhase section */

/* Begin PBXGroup section */
		E102EAA12FE356E70076FCDD /* 6-13-2026 */ = {
			isa = PBXGroup;
			children = (
				E102EA9F2FE356E70076FCDD /* Phase1.md */,
				E102EAA02FE356E70076FCDD /* Phase2.md */,
			);
			path = "6-13-2026";
			sourceTree = "<group>";
		};
		E102EAA52FE356E70076FCDD /* 6-14-2026 */ = {
			isa = PBXGroup;
			children = (
				E102EAA22FE356E70076FCDD /* ChatGPT Review of Phases 1-3.md */,
				E102EAA32FE356E70076FCDD /* Phase3.md */,
				E102EAA42FE356E70076FCDD /* Post Review Updates.md */,
			);
			path = "6-14-2026";
			sourceTree = "<group>";
		};
		E102EAA92FE356E70076FCDD /* 6-15-2026 */ = {
			isa = PBXGroup;
			children = (
				E102EAA62FE356E70076FCDD /* ChatGPT Review of Phase 4 Slice 1.md */,
				E102EAA72FE356E70076FCDD /* Phase 4 Slice 1 Implement Review Items.md */,
				E102EAA82FE356E70076FCDD /* Phase4-Slice1.md */,
			);
			path = "6-15-2026";
			sourceTree = "<group>";
		};
		E102EAAF2FE356E70076FCDD /* 6-16-2026 */ = {
			isa = PBXGroup;
			children = (
				E102EAAA2FE356E70076FCDD /* ChatGPT Review of Phase 4 Slice 2.md */,
				E102EAAB2FE356E70076FCDD /* Implement Remaining MVP Items.md */,
				E102EAAC2FE356E70076FCDD /* Phase 4 Slice 1 wrapup.md */,
				E102EAAD2FE356E70076FCDD /* Phase 4 Slice 2.md */,
				E102EAAE2FE356E70076FCDD /* Phase 4 Slice 2 Implement Review Items.md */,
			);
			path = "6-16-2026";
			sourceTree = "<group>";
		};
		E102EAB22FE356E70076FCDD /* 6-17-2026 */ = {
			isa = PBXGroup;
			children = (
				E102EAB02FE356E70076FCDD /* ChatGPT Review of MVP.md */,
				E102EAB12FE356E70076FCDD /* MVP Implement Review Items.md */,
				E102EAB32FE3572D0076FCDD /* Improve transcript file organization.md */,
				E102EFC62FE36AE50076FCDD /* Add UI Tests.md */,
			);
			path = "6-17-2026";
			sourceTree = "<group>";
		};
		E102F0622FE4A8D10076FCDD /* Diagrams */ = {
			isa = PBXGroup;
			children = (
				E197F4252FF46A7800D34A28 /* 01_system_architecture.md */,
				E197F4262FF46A7800D34A28 /* 02_app_startup_and_environment.md */,
				E197F4272FF46A7800D34A28 /* 03_search_flow.md */,
				E197F4282FF46A7800D34A28 /* 04_show_detail_and_watchlist_flow.md */,
				E197F4292FF46A7800D34A28 /* 05_background_refresh_and_notifications.md */,
				E197F42A2FF46A7800D34A28 /* 06_data_model.md */,
				E197F42B2FF46A7800D34A28 /* 07_dependencies_and_boundaries.md */,
				E197F42C2FF46A7800D34A28 /* 08_analytics_and_diagnostics.md */,
				E197F42D2FF46A7800D34A28 /* 09_post_mvp_architecture.md */,
				E197F42E2FF46A7800D34A28 /* README.md */,
			);
			path = Diagrams;
			sourceTree = "<group>";
		};
		E102F0FA2FE5F18F0076FCDD /* MVP */ = {
			isa = PBXGroup;
			children = (
				E197FEB02FF7134F00D34A28 /* Screenshots */,
				E102F0622FE4A8D10076FCDD /* Diagrams */,
				E1DAC54B2FDE2E1F00BD81E5 /* AI Transcripts */,
				E17E04952FDE291A00708D7A /* ProblemStatement.md */,
				E1DA26C02FDDDE7400C37DAC /* ProjectKickoff.md */,
				E17E04942FDE291A00708D7A /* MVPDefinition.md */,
				E1DAC54F2FDF358800BD81E5 /* Architecture.md */,
				E1DAC5502FDF358800BD81E5 /* ProductSpec.md */,
				E1DAC5512FDF358800BD81E5 /* TVMazeResearch.md */,
				E1DAC5472FDE2E1F00BD81E5 /* DecisionLog.md */,
				E1DAC5482FDE2E1F00BD81E5 /* FunctionalRequirements.md */,
				E1DAC54C2FDE2E1F00BD81E5 /* MVPBacklog.md */,
				E1DAC54D2FDE2E1F00BD81E5 /* UserStories.md */,
				E1F26A4B2FEDFCFA006D0E58 /* Analytics Recommendations.md */,
				E1F25BC82FEDAF5A006D0E58 /* Release Readiness.md */,
			);
			path = MVP;
			sourceTree = "<group>";
		};
		E102F0FB2FE5F1B70076FCDD /* 6-18-2026 */ = {
			isa = PBXGroup;
			children = (
				E102F0F82FE5E84C0076FCDD /* Implement Review Items for Notifications.md */,
			);
			path = "6-18-2026";
			sourceTree = "<group>";
		};
		E102F0FC2FE5F1F40076FCDD /* Post-MVP */ = {
			isa = PBXGroup;
			children = (
				E102F1002FE5F3D70076FCDD /* Post-MVP Roadmap.md */,
				E102F0FD2FE5F2100076FCDD /* AI Transcripts */,
			);
			path = "Post-MVP";
			sourceTree = "<group>";
		};
		E102F0FD2FE5F2100076FCDD /* AI Transcripts */ = {
			isa = PBXGroup;
			children = (
				E102F0FE2FE5F2260076FCDD /* 6-19-2026 */,
			);
			path = "AI Transcripts";
			sourceTree = "<group>";
		};
		E102F0FE2FE5F2260076FCDD /* 6-19-2026 */ = {
			isa = PBXGroup;
			children = (
				E102F0F92FE5F0F60076FCDD /* Building Post-MVP Planning Documents.pdf */,
			);
			path = "6-19-2026";
			sourceTree = "<group>";
		};
		E117D2A02FEB27F100C02ADC /* 6-23-2026 */ = {
			isa = PBXGroup;
			children = (
				E117D3C62FEB2C2900C02ADC /* Search Discussion.md */,
				E117D3C52FEB2C2000C02ADC /* Plan Search Improvements.pdf */,
				E117D4592FEB342D00C02ADC /* Implement Search improvements */,
				E117D57E2FEB389E00C02ADC /* Add Additional UI Tests.md */,
				E117D5802FEC40CD00C02ADC /* Implement Watchlist Discovery.md */,
				E117D5812FEC41D000C02ADC /* Additional Watchlist Planning.pdf */,
			);
			path = "6-23-2026";
			sourceTree = "<group>";
		};
		E117D58C2FEC85D900C02ADC /* 6-24-2026 */ = {
			isa = PBXGroup;
			children = (
				E117D6C62FEC8C7B00C02ADC /* Add Accessibility Details.pdf */,
				E117D58D2FEC85ED00C02ADC /* Implement Watchlist Redesign.md */,
				E1F2592C2FECA491006D0E58 /* Implement Visual and UI Polish.md */,
				E1F25DCF2FEDB3D8006D0E58 /* Implement First Run Experience.md */,
			);
			path = "6-24-2026";
			sourceTree = "<group>";
		};
		E13811C42FDB795C009C141B = {
			isa = PBXGroup;
			children = (
				E197F42F2FF47B1700D34A28 /* README.md */,
				E1DA26BF2FDDDE6000C37DAC /* Documentation */,
				E1DA26BE2FDDD9A800C37DAC /* Cursor Rules */,
				E13811E42FDCAFE0009C141B /* AGENTS.md */,
				E1F0A0012FE200000076FCDD /* App-Info.plist */,
				E13811CF2FDB795C009C141B /* NextSeason */,
				E1DAC55A2FDF5A4B00BD81E5 /* NextSeasonTests */,
				E1UI00022FE400000076FCDD /* NextSeasonUITests */,
				E13811CE2FDB795C009C141B /* Products */,
			);
			sourceTree = "<group>";
		};
		E13811CE2FDB795C009C141B /* Products */ = {
			isa = PBXGroup;
			children = (
				E13811CD2FDB795C009C141B /* NextSeason.app */,
				E1DAC5592FDF5A4B00BD81E5 /* NextSeasonTests.xctest */,
				E1UI00012FE400000076FCDD /* NextSeasonUITests.xctest */,
			);
			name = Products;
			sourceTree = "<group>";
		};
		E197EC962FF06EBC00D34A28 /* 6-27-2026 */ = {
			isa = PBXGroup;
			children = (
				E197EC972FF06ED800D34A28 /* Fix UI Test Failure.md */,
			);
			path = "6-27-2026";
			sourceTree = "<group>";
		};
		E197EF1E2FF31B8200D34A28 /* 6-28-2026 */ = {
			isa = PBXGroup;
			children = (
				E197EF202FF31C0B00D34A28 /* Instruments Report Stage 1.md */,
				E197EF1D2FF31B8200D34A28 /* Instruments discussion.pdf */,
			);
			path = "6-28-2026";
			sourceTree = "<group>";
		};
		E197EF1F2FF31B8200D34A28 /* 6-29-2026 */ = {
			isa = PBXGroup;
			children = (
				E197EF222FF31E9100D34A28 /* Instruments Post-Report Discussion.pdf */,
				E197EF212FF31C3B00D34A28 /* Instruments Report Stage 2.md */,
				E197F2762FF39B3B00D34A28 /* Plan for fixing watchlist refresh crash.md */,
				E197F2752FF39AF100D34A28 /* Fix watchlist refresh crash.md */,
			);
			path = "6-29-2026";
			sourceTree = "<group>";
		};
		E197F4232FF43B3D00D34A28 /* 6-30-2026 */ = {
			isa = PBXGroup;
			children = (
				E197F4242FF43B5000D34A28 /* Discuss ModelContainer init failures.md */,
				E197F4302FF48AA200D34A28 /* Improve Theme switcher.md */,
				E197F5E72FF48E4100D34A28 /* Add notification options to Diagnostic menu.md */,
			);
			path = "6-30-2026";
			sourceTree = "<group>";
		};
		E197FEB02FF7134F00D34A28 /* Screenshots */ = {
			isa = PBXGroup;
			children = (
				E197FEAF2FF7134F00D34A28 /* MVP-Search-Results.PNG */,
			);
			path = Screenshots;
			sourceTree = "<group>";
		};
		E1DA26BE2FDDD9A800C37DAC /* Cursor Rules */ = {
			isa = PBXGroup;
			children = (
				E1DA26BC2FDDD99700C37DAC /* safety.mdc */,
				E1DA26BD2FDDD99700C37DAC /* swiftui-project-style.mdc */,
			);
			name = "Cursor Rules";
			sourceTree = "<group>";
		};
		E1DA26BF2FDDDE6000C37DAC /* Documentation */ = {
			isa = PBXGroup;
			children = (
				E102F0FA2FE5F18F0076FCDD /* MVP */,
				E102F0FC2FE5F1F40076FCDD /* Post-MVP */,
			);
			path = Documentation;
			sourceTree = "<group>";
		};
		E1DAC54B2FDE2E1F00BD81E5 /* AI Transcripts */ = {
			isa = PBXGroup;
			children = (
				E102EAA12FE356E70076FCDD /* 6-13-2026 */,
				E102EAA52FE356E70076FCDD /* 6-14-2026 */,
				E102EAA92FE356E70076FCDD /* 6-15-2026 */,
				E102EAAF2FE356E70076FCDD /* 6-16-2026 */,
				E102EAB22FE356E70076FCDD /* 6-17-2026 */,
				E102F0FB2FE5F1B70076FCDD /* 6-18-2026 */,
				E117D2A02FEB27F100C02ADC /* 6-23-2026 */,
				E117D58C2FEC85D900C02ADC /* 6-24-2026 */,
				E1F25BC52FEDAC66006D0E58 /* 6-25-2026 */,
				E197EC962FF06EBC00D34A28 /* 6-27-2026 */,
				E197EF1E2FF31B8200D34A28 /* 6-28-2026 */,
				E197EF1F2FF31B8200D34A28 /* 6-29-2026 */,
				E197F4232FF43B3D00D34A28 /* 6-30-2026 */,
				E1DAC54E2FDF23EE00BD81E5 /* Notes.md */,
			);
			path = "AI Transcripts";
			sourceTree = "<group>";
		};
		E1F25BC52FEDAC66006D0E58 /* 6-25-2026 */ = {
			isa = PBXGroup;
			children = (
				E1F25BC72FEDAF46006D0E58 /* Update Release Readiness for Feedback and Analyics.pdf */,
				E1F25DD82FEDC3D6006D0E58 /* Implement Analytics.md */,
				E1F25F392FEDC87B006D0E58 /* Fix search keyboard bug.md */,
				E1F260B22FEDD75E006D0E58 /* Implement Color Theme Switcher.md */,
				E1F2680C2FEDDC26006D0E58 /* Move target ios version to 18.md */,
				E1F268CD2FEDF477006D0E58 /* Improve App Icon.md */,
				E1F26A492FEDFAFF006D0E58 /* Code Review and Analytics Discussion.pdf */,
				E1F26A542FEE1B3A006D0E58 /* Implement additional Analytics.md */,
				E1F26BE52FEE285B006D0E58 /* Discuss fix for genre breaking before separator.md */,
			);
			path = "6-25-2026";
			sourceTree = "<group>";
		};
/* End PBXGroup section */

/* Begin PBXNativeTarget section */
		E13811CC2FDB795C009C141B /* NextSeason */ = {
			isa = PBXNativeTarget;
			buildConfigurationList = E13811D82FDB795E009C141B /* Build configuration list for PBXNativeTarget "NextSeason" */;
			buildPhases = (
				E13811C92FDB795C009C141B /* Sources */,
				E13811CA2FDB795C009C141B /* Frameworks */,
				E13811CB2FDB795C009C141B /* Resources */,
			);
			buildRules = (
			);
			dependencies = (
			);
			fileSystemSynchronizedGroups = (
				E13811CF2FDB795C009C141B /* NextSeason */,
			);
			name = NextSeason;
			packageProductDependencies = (
			);
			productName = NextSeason;
			productReference = E13811CD2FDB795C009C141B /* NextSeason.app */;
			productType = "com.apple.product-type.application";
		};
		E1DAC5582FDF5A4B00BD81E5 /* NextSeasonTests */ = {
			isa = PBXNativeTarget;
			buildConfigurationList = E1DAC55F2FDF5A4B00BD81E5 /* Build configuration list for PBXNativeTarget "NextSeasonTests" */;
			buildPhases = (
				E1DAC5552FDF5A4B00BD81E5 /* Sources */,
				E1DAC5562FDF5A4B00BD81E5 /* Frameworks */,
				E1DAC5572FDF5A4B00BD81E5 /* Resources */,
			);
			buildRules = (
			);
			dependencies = (
				E1DAC55E2FDF5A4B00BD81E5 /* PBXTargetDependency */,
			);
			fileSystemSynchronizedGroups = (
				E1DAC55A2FDF5A4B00BD81E5 /* NextSeasonTests */,
			);
			name = NextSeasonTests;
			packageProductDependencies = (
			);
			productName = NextSeasonTests;
			productReference = E1DAC5592FDF5A4B00BD81E5 /* NextSeasonTests.xctest */;
			productType = "com.apple.product-type.bundle.unit-test";
		};
		E1UI00032FE400000076FCDD /* NextSeasonUITests */ = {
			isa = PBXNativeTarget;
			buildConfigurationList = E1UI00092FE400000076FCDD /* Build configuration list for PBXNativeTarget "NextSeasonUITests" */;
			buildPhases = (
				E1UI00042FE400000076FCDD /* Sources */,
				E1UI00052FE400000076FCDD /* Frameworks */,
				E1UI00062FE400000076FCDD /* Resources */,
			);
			buildRules = (
			);
			dependencies = (
				E1UI00082FE400000076FCDD /* PBXTargetDependency */,
			);
			fileSystemSynchronizedGroups = (
				E1UI00022FE400000076FCDD /* NextSeasonUITests */,
			);
			name = NextSeasonUITests;
			packageProductDependencies = (
			);
			productName = NextSeasonUITests;
			productReference = E1UI00012FE400000076FCDD /* NextSeasonUITests.xctest */;
			productType = "com.apple.product-type.bundle.ui-testing";
		};
/* End PBXNativeTarget section */

/* Begin PBXProject section */
		E13811C52FDB795C009C141B /* Project object */ = {
			isa = PBXProject;
			attributes = {
				BuildIndependentTargetsInParallel = 1;
				LastSwiftUpdateCheck = 2650;
				LastUpgradeCheck = 2660;
				TargetAttributes = {
					E13811CC2FDB795C009C141B = {
						CreatedOnToolsVersion = 26.5;
					};
					E1DAC5582FDF5A4B00BD81E5 = {
						CreatedOnToolsVersion = 26.5;
						TestTargetID = E13811CC2FDB795C009C141B;
					};
					E1UI00032FE400000076FCDD = {
						CreatedOnToolsVersion = 26.5;
						TestTargetID = E13811CC2FDB795C009C141B;
					};
				};
			};
			buildConfigurationList = E13811C82FDB795C009C141B /* Build configuration list for PBXProject "NextSeason" */;
			developmentRegion = en;
			hasScannedForEncodings = 0;
			knownRegions = (
				en,
				Base,
			);
			mainGroup = E13811C42FDB795C009C141B;
			minimizedProjectReferenceProxies = 1;
			preferredProjectObjectVersion = 77;
			productRefGroup = E13811CE2FDB795C009C141B /* Products */;
			projectDirPath = "";
			projectRoot = "";
			targets = (
				E13811CC2FDB795C009C141B /* NextSeason */,
				E1DAC5582FDF5A4B00BD81E5 /* NextSeasonTests */,
				E1UI00032FE400000076FCDD /* NextSeasonUITests */,
			);
		};
/* End PBXProject section */

/* Begin PBXResourcesBuildPhase section */
		E13811CB2FDB795C009C141B /* Resources */ = {
			isa = PBXResourcesBuildPhase;
			buildActionMask = 2147483647;
			files = (
			);
			runOnlyForDeploymentPostprocessing = 0;
		};
		E1DAC5572FDF5A4B00BD81E5 /* Resources */ = {
			isa = PBXResourcesBuildPhase;
			buildActionMask = 2147483647;
			files = (
			);
			runOnlyForDeploymentPostprocessing = 0;
		};
		E1UI00062FE400000076FCDD /* Resources */ = {
			isa = PBXResourcesBuildPhase;
			buildActionMask = 2147483647;
			files = (
			);
			runOnlyForDeploymentPostprocessing = 0;
		};
/* End PBXResourcesBuildPhase section */

/* Begin PBXSourcesBuildPhase section */
		E13811C92FDB795C009C141B /* Sources */ = {
			isa = PBXSourcesBuildPhase;
			buildActionMask = 2147483647;
			files = (
			);
			runOnlyForDeploymentPostprocessing = 0;
		};
		E1DAC5552FDF5A4B00BD81E5 /* Sources */ = {
			isa = PBXSourcesBuildPhase;
			buildActionMask = 2147483647;
			files = (
			);
			runOnlyForDeploymentPostprocessing = 0;
		};
		E1UI00042FE400000076FCDD /* Sources */ = {
			isa = PBXSourcesBuildPhase;
			buildActionMask = 2147483647;
			files = (
			);
			runOnlyForDeploymentPostprocessing = 0;
		};
/* End PBXSourcesBuildPhase section */

/* Begin PBXTargetDependency section */
		E1DAC55E2FDF5A4B00BD81E5 /* PBXTargetDependency */ = {
			isa = PBXTargetDependency;
			target = E13811CC2FDB795C009C141B /* NextSeason */;
			targetProxy = E1DAC55D2FDF5A4B00BD81E5 /* PBXContainerItemProxy */;
		};
		E1UI00082FE400000076FCDD /* PBXTargetDependency */ = {
			isa = PBXTargetDependency;
			target = E13811CC2FDB795C009C141B /* NextSeason */;
			targetProxy = E1UI00072FE400000076FCDD /* PBXContainerItemProxy */;
		};
/* End PBXTargetDependency section */

/* Begin XCBuildConfiguration section */
		E13811D62FDB795E009C141B /* Debug */ = {
			isa = XCBuildConfiguration;
			buildSettings = {
				ALWAYS_SEARCH_USER_PATHS = NO;
				ASSETCATALOG_COMPILER_GENERATE_SWIFT_ASSET_SYMBOL_EXTENSIONS = YES;
				CLANG_ANALYZER_NONNULL = YES;
				CLANG_ANALYZER_NUMBER_OBJECT_CONVERSION = YES_AGGRESSIVE;
				CLANG_CXX_LANGUAGE_STANDARD = "gnu++20";
				CLANG_ENABLE_MODULES = YES;
				CLANG_ENABLE_OBJC_ARC = YES;
				CLANG_ENABLE_OBJC_WEAK = YES;
				CLANG_WARN_BLOCK_CAPTURE_AUTORELEASING = YES;
				CLANG_WARN_BOOL_CONVERSION = YES;
				CLANG_WARN_COMMA = YES;
				CLANG_WARN_CONSTANT_CONVERSION = YES;
				CLANG_WARN_DEPRECATED_OBJC_IMPLEMENTATIONS = YES;
				CLANG_WARN_DIRECT_OBJC_ISA_USAGE = YES_ERROR;
				CLANG_WARN_DOCUMENTATION_COMMENTS = YES;
				CLANG_WARN_EMPTY_BODY = YES;
				CLANG_WARN_ENUM_CONVERSION = YES;
				CLANG_WARN_INFINITE_RECURSION = YES;
				CLANG_WARN_INT_CONVERSION = YES;
				CLANG_WARN_NON_LITERAL_NULL_CONVERSION = YES;
				CLANG_WARN_OBJC_IMPLICIT_RETAIN_SELF = YES;
				CLANG_WARN_OBJC_LITERAL_CONVERSION = YES;
				CLANG_WARN_OBJC_ROOT_CLASS = YES_ERROR;
				CLANG_WARN_QUOTED_INCLUDE_IN_FRAMEWORK_HEADER = YES;
				CLANG_WARN_RANGE_LOOP_ANALYSIS = YES;
				CLANG_WARN_STRICT_PROTOTYPES = YES;
				CLANG_WARN_SUSPICIOUS_MOVE = YES;
				CLANG_WARN_UNGUARDED_AVAILABILITY = YES_AGGRESSIVE;
				CLANG_WARN_UNREACHABLE_CODE = YES;
				CLANG_WARN__DUPLICATE_METHOD_MATCH = YES;
				COPY_PHASE_STRIP = NO;
				DEBUG_INFORMATION_FORMAT = dwarf;
				DEVELOPMENT_TEAM = 6U9C675XYA;
				ENABLE_STRICT_OBJC_MSGSEND = YES;
				ENABLE_TESTABILITY = YES;
				ENABLE_USER_SCRIPT_SANDBOXING = YES;
				GCC_C_LANGUAGE_STANDARD = gnu17;
				GCC_DYNAMIC_NO_PIC = NO;
				GCC_NO_COMMON_BLOCKS = YES;
				GCC_OPTIMIZATION_LEVEL = 0;
				GCC_PREPROCESSOR_DEFINITIONS = (
					"DEBUG=1",
					"$(inherited)",
				);
				GCC_WARN_64_TO_32_BIT_CONVERSION = YES;
				GCC_WARN_ABOUT_RETURN_TYPE = YES_ERROR;
				GCC_WARN_UNDECLARED_SELECTOR = YES;
				GCC_WARN_UNINITIALIZED_AUTOS = YES_AGGRESSIVE;
				GCC_WARN_UNUSED_FUNCTION = YES;
				GCC_WARN_UNUSED_VARIABLE = YES;
				IPHONEOS_DEPLOYMENT_TARGET = 18.0;
				LOCALIZATION_PREFERS_STRING_CATALOGS = YES;
				MTL_ENABLE_DEBUG_INFO = INCLUDE_SOURCE;
				MTL_FAST_MATH = YES;
				ONLY_ACTIVE_ARCH = YES;
				SDKROOT = iphoneos;
				STRING_CATALOG_GENERATE_SYMBOLS = YES;
				SWIFT_ACTIVE_COMPILATION_CONDITIONS = "DEBUG $(inherited)";
				SWIFT_OPTIMIZATION_LEVEL = "-Onone";
			};
			name = Debug;
		};
		E13811D72FDB795E009C141B /* Release */ = {
			isa = XCBuildConfiguration;
			buildSettings = {
				ALWAYS_SEARCH_USER_PATHS = NO;
				ASSETCATALOG_COMPILER_GENERATE_SWIFT_ASSET_SYMBOL_EXTENSIONS = YES;
				CLANG_ANALYZER_NONNULL = YES;
				CLANG_ANALYZER_NUMBER_OBJECT_CONVERSION = YES_AGGRESSIVE;
				CLANG_CXX_LANGUAGE_STANDARD = "gnu++20";
				CLANG_ENABLE_MODULES = YES;
				CLANG_ENABLE_OBJC_ARC = YES;
				CLANG_ENABLE_OBJC_WEAK = YES;
				CLANG_WARN_BLOCK_CAPTURE_AUTORELEASING = YES;
				CLANG_WARN_BOOL_CONVERSION = YES;
				CLANG_WARN_COMMA = YES;
				CLANG_WARN_CONSTANT_CONVERSION = YES;
				CLANG_WARN_DEPRECATED_OBJC_IMPLEMENTATIONS = YES;
				CLANG_WARN_DIRECT_OBJC_ISA_USAGE = YES_ERROR;
				CLANG_WARN_DOCUMENTATION_COMMENTS = YES;
				CLANG_WARN_EMPTY_BODY = YES;
				CLANG_WARN_ENUM_CONVERSION = YES;
				CLANG_WARN_INFINITE_RECURSION = YES;
				CLANG_WARN_INT_CONVERSION = YES;
				CLANG_WARN_NON_LITERAL_NULL_CONVERSION = YES;
				CLANG_WARN_OBJC_IMPLICIT_RETAIN_SELF = YES;
				CLANG_WARN_OBJC_LITERAL_CONVERSION = YES;
				CLANG_WARN_OBJC_ROOT_CLASS = YES_ERROR;
				CLANG_WARN_QUOTED_INCLUDE_IN_FRAMEWORK_HEADER = YES;
				CLANG_WARN_RANGE_LOOP_ANALYSIS = YES;
				CLANG_WARN_STRICT_PROTOTYPES = YES;
				CLANG_WARN_SUSPICIOUS_MOVE = YES;
				CLANG_WARN_UNGUARDED_AVAILABILITY = YES_AGGRESSIVE;
				CLANG_WARN_UNREACHABLE_CODE = YES;
				CLANG_WARN__DUPLICATE_METHOD_MATCH = YES;
				COPY_PHASE_STRIP = NO;
				DEBUG_INFORMATION_FORMAT = "dwarf-with-dsym";
				DEVELOPMENT_TEAM = 6U9C675XYA;
				ENABLE_NS_ASSERTIONS = NO;
				ENABLE_STRICT_OBJC_MSGSEND = YES;
				ENABLE_USER_SCRIPT_SANDBOXING = YES;
				GCC_C_LANGUAGE_STANDARD = gnu17;
				GCC_NO_COMMON_BLOCKS = YES;
				GCC_WARN_64_TO_32_BIT_CONVERSION = YES;
				GCC_WARN_ABOUT_RETURN_TYPE = YES_ERROR;
				GCC_WARN_UNDECLARED_SELECTOR = YES;
				GCC_WARN_UNINITIALIZED_AUTOS = YES_AGGRESSIVE;
				GCC_WARN_UNUSED_FUNCTION = YES;
				GCC_WARN_UNUSED_VARIABLE = YES;
				IPHONEOS_DEPLOYMENT_TARGET = 18.0;
				LOCALIZATION_PREFERS_STRING_CATALOGS = YES;
				MTL_ENABLE_DEBUG_INFO = NO;
				MTL_FAST_MATH = YES;
				SDKROOT = iphoneos;
				STRING_CATALOG_GENERATE_SYMBOLS = YES;
				SWIFT_COMPILATION_MODE = wholemodule;
				VALIDATE_PRODUCT = YES;
			};
			name = Release;
		};
		E13811D92FDB795E009C141B /* Debug */ = {
			isa = XCBuildConfiguration;
			buildSettings = {
				ASSETCATALOG_COMPILER_APPICON_NAME = AppIcon;
				ASSETCATALOG_COMPILER_GLOBAL_ACCENT_COLOR_NAME = AccentColor;
				ASSETCATALOG_COMPILER_INCLUDE_ALL_APPICON_ASSETS = YES;
				CODE_SIGN_STYLE = Automatic;
				CURRENT_PROJECT_VERSION = 1;
				DEVELOPMENT_TEAM = JTVUXCB28U;
				ENABLE_PREVIEWS = YES;
				GENERATE_INFOPLIST_FILE = YES;
				INFOPLIST_FILE = "App-Info.plist";
				INFOPLIST_KEY_CFBundleDisplayName = NextSeason;
				INFOPLIST_KEY_UIApplicationSceneManifest_Generation = YES;
				INFOPLIST_KEY_UIApplicationSupportsIndirectInputEvents = YES;
				INFOPLIST_KEY_UILaunchScreen_Generation = YES;
				INFOPLIST_KEY_UISupportedInterfaceOrientations = UIInterfaceOrientationPortrait;
				INFOPLIST_KEY_UISupportedInterfaceOrientations_iPad = "UIInterfaceOrientationLandscapeLeft UIInterfaceOrientationLandscapeRight UIInterfaceOrientationPortrait UIInterfaceOrientationPortraitUpsideDown";
				LD_RUNPATH_SEARCH_PATHS = (
					"$(inherited)",
					"@executable_path/Frameworks",
				);
				MARKETING_VERSION = 1.0;
				PRODUCT_BUNDLE_IDENTIFIER = com.TrialByFyre.NextSeason;
				PRODUCT_NAME = "$(TARGET_NAME)";
				STRING_CATALOG_GENERATE_SYMBOLS = YES;
				SWIFT_APPROACHABLE_CONCURRENCY = YES;
				SWIFT_DEFAULT_ACTOR_ISOLATION = MainActor;
				SWIFT_EMIT_LOC_STRINGS = YES;
				SWIFT_UPCOMING_FEATURE_MEMBER_IMPORT_VISIBILITY = YES;
				SWIFT_VERSION = 6.0;
				TARGETED_DEVICE_FAMILY = "1,2";
			};
			name = Debug;
		};
		E13811DA2FDB795E009C141B /* Release */ = {
			isa = XCBuildConfiguration;
			buildSettings = {
				ASSETCATALOG_COMPILER_APPICON_NAME = AppIcon;
				ASSETCATALOG_COMPILER_GLOBAL_ACCENT_COLOR_NAME = AccentColor;
				ASSETCATALOG_COMPILER_INCLUDE_ALL_APPICON_ASSETS = YES;
				CODE_SIGN_STYLE = Automatic;
				CURRENT_PROJECT_VERSION = 1;
				DEVELOPMENT_TEAM = JTVUXCB28U;
				ENABLE_PREVIEWS = YES;
				GENERATE_INFOPLIST_FILE = YES;
				INFOPLIST_FILE = "App-Info.plist";
				INFOPLIST_KEY_CFBundleDisplayName = NextSeason;
				INFOPLIST_KEY_UIApplicationSceneManifest_Generation = YES;
				INFOPLIST_KEY_UIApplicationSupportsIndirectInputEvents = YES;
				INFOPLIST_KEY_UILaunchScreen_Generation = YES;
				INFOPLIST_KEY_UISupportedInterfaceOrientations = UIInterfaceOrientationPortrait;
				INFOPLIST_KEY_UISupportedInterfaceOrientations_iPad = "UIInterfaceOrientationLandscapeLeft UIInterfaceOrientationLandscapeRight UIInterfaceOrientationPortrait UIInterfaceOrientationPortraitUpsideDown";
				LD_RUNPATH_SEARCH_PATHS = (
					"$(inherited)",
					"@executable_path/Frameworks",
				);
				MARKETING_VERSION = 1.0;
				PRODUCT_BUNDLE_IDENTIFIER = com.TrialByFyre.NextSeason;
				PRODUCT_NAME = "$(TARGET_NAME)";
				STRING_CATALOG_GENERATE_SYMBOLS = YES;
				SWIFT_APPROACHABLE_CONCURRENCY = YES;
				SWIFT_DEFAULT_ACTOR_ISOLATION = MainActor;
				SWIFT_EMIT_LOC_STRINGS = YES;
				SWIFT_UPCOMING_FEATURE_MEMBER_IMPORT_VISIBILITY = YES;
				SWIFT_VERSION = 6.0;
				TARGETED_DEVICE_FAMILY = "1,2";
			};
			name = Release;
		};
		E1DAC5602FDF5A4B00BD81E5 /* Debug */ = {
			isa = XCBuildConfiguration;
			buildSettings = {
				BUNDLE_LOADER = "$(TEST_HOST)";
				CODE_SIGN_STYLE = Automatic;
				CURRENT_PROJECT_VERSION = 1;
				DEVELOPMENT_TEAM = JTVUXCB28U;
				GENERATE_INFOPLIST_FILE = YES;
				MARKETING_VERSION = 1.0;
				PRODUCT_BUNDLE_IDENTIFIER = com.TBF.NextSeasonTests;
				PRODUCT_NAME = "$(TARGET_NAME)";
				STRING_CATALOG_GENERATE_SYMBOLS = NO;
				SWIFT_APPROACHABLE_CONCURRENCY = YES;
				SWIFT_EMIT_LOC_STRINGS = NO;
				SWIFT_UPCOMING_FEATURE_MEMBER_IMPORT_VISIBILITY = YES;
				SWIFT_VERSION = 6.0;
				TARGETED_DEVICE_FAMILY = "1,2";
				TEST_HOST = "$(BUILT_PRODUCTS_DIR)/NextSeason.app/$(BUNDLE_EXECUTABLE_FOLDER_PATH)/NextSeason";
			};
			name = Debug;
		};
		E1DAC5612FDF5A4B00BD81E5 /* Release */ = {
			isa = XCBuildConfiguration;
			buildSettings = {
				BUNDLE_LOADER = "$(TEST_HOST)";
				CODE_SIGN_STYLE = Automatic;
				CURRENT_PROJECT_VERSION = 1;
				DEVELOPMENT_TEAM = JTVUXCB28U;
				GENERATE_INFOPLIST_FILE = YES;
				MARKETING_VERSION = 1.0;
				PRODUCT_BUNDLE_IDENTIFIER = com.TBF.NextSeasonTests;
				PRODUCT_NAME = "$(TARGET_NAME)";
				STRING_CATALOG_GENERATE_SYMBOLS = NO;
				SWIFT_APPROACHABLE_CONCURRENCY = YES;
				SWIFT_EMIT_LOC_STRINGS = NO;
				SWIFT_UPCOMING_FEATURE_MEMBER_IMPORT_VISIBILITY = YES;
				SWIFT_VERSION = 6.0;
				TARGETED_DEVICE_FAMILY = "1,2";
				TEST_HOST = "$(BUILT_PRODUCTS_DIR)/NextSeason.app/$(BUNDLE_EXECUTABLE_FOLDER_PATH)/NextSeason";
			};
			name = Release;
		};
		E1UI000A2FE400000076FCDD /* Debug */ = {
			isa = XCBuildConfiguration;
			buildSettings = {
				CODE_SIGN_STYLE = Automatic;
				CURRENT_PROJECT_VERSION = 1;
				DEVELOPMENT_TEAM = JTVUXCB28U;
				GENERATE_INFOPLIST_FILE = YES;
				MARKETING_VERSION = 1.0;
				PRODUCT_BUNDLE_IDENTIFIER = com.TBF.NextSeasonUITests;
				PRODUCT_NAME = "$(TARGET_NAME)";
				STRING_CATALOG_GENERATE_SYMBOLS = NO;
				SWIFT_APPROACHABLE_CONCURRENCY = YES;
				SWIFT_EMIT_LOC_STRINGS = NO;
				SWIFT_UPCOMING_FEATURE_MEMBER_IMPORT_VISIBILITY = YES;
				SWIFT_VERSION = 6.0;
				TARGETED_DEVICE_FAMILY = "1,2";
				TEST_TARGET_NAME = NextSeason;
			};
			name = Debug;
		};
		E1UI000B2FE400000076FCDD /* Release */ = {
			isa = XCBuildConfiguration;
			buildSettings = {
				CODE_SIGN_STYLE = Automatic;
				CURRENT_PROJECT_VERSION = 1;
				DEVELOPMENT_TEAM = JTVUXCB28U;
				GENERATE_INFOPLIST_FILE = YES;
				MARKETING_VERSION = 1.0;
				PRODUCT_BUNDLE_IDENTIFIER = com.TBF.NextSeasonUITests;
				PRODUCT_NAME = "$(TARGET_NAME)";
				STRING_CATALOG_GENERATE_SYMBOLS = NO;
				SWIFT_APPROACHABLE_CONCURRENCY = YES;
				SWIFT_EMIT_LOC_STRINGS = NO;
				SWIFT_UPCOMING_FEATURE_MEMBER_IMPORT_VISIBILITY = YES;
				SWIFT_VERSION = 6.0;
				TARGETED_DEVICE_FAMILY = "1,2";
				TEST_TARGET_NAME = NextSeason;
			};
			name = Release;
		};
/* End XCBuildConfiguration section */

/* Begin XCConfigurationList section */
		E13811C82FDB795C009C141B /* Build configuration list for PBXProject "NextSeason" */ = {
			isa = XCConfigurationList;
			buildConfigurations = (
				E13811D62FDB795E009C141B /* Debug */,
				E13811D72FDB795E009C141B /* Release */,
			);
			defaultConfigurationIsVisible = 0;
			defaultConfigurationName = Release;
		};
		E13811D82FDB795E009C141B /* Build configuration list for PBXNativeTarget "NextSeason" */ = {
			isa = XCConfigurationList;
			buildConfigurations = (
				E13811D92FDB795E009C141B /* Debug */,
				E13811DA2FDB795E009C141B /* Release */,
			);
			defaultConfigurationIsVisible = 0;
			defaultConfigurationName = Release;
		};
		E1DAC55F2FDF5A4B00BD81E5 /* Build configuration list for PBXNativeTarget "NextSeasonTests" */ = {
			isa = XCConfigurationList;
			buildConfigurations = (
				E1DAC5602FDF5A4B00BD81E5 /* Debug */,
				E1DAC5612FDF5A4B00BD81E5 /* Release */,
			);
			defaultConfigurationIsVisible = 0;
			defaultConfigurationName = Release;
		};
		E1UI00092FE400000076FCDD /* Build configuration list for PBXNativeTarget "NextSeasonUITests" */ = {
			isa = XCConfigurationList;
			buildConfigurations = (
				E1UI000A2FE400000076FCDD /* Debug */,
				E1UI000B2FE400000076FCDD /* Release */,
			);
			defaultConfigurationIsVisible = 0;
			defaultConfigurationName = Release;
		};
/* End XCConfigurationList section */
	};
	rootObject = E13811C52FDB795C009C141B /* Project object */;
}
