// !$*UTF8*$!
{
	archiveVersion = 1;
	classes = {
	};
	objectVersion = 77;
	objects = {

/* Begin PBXContainerItemProxy section */
		E1DAC55D2FDF5A4B00BD81E5 /* PBXContainerItemProxy */ = {
			isa = PBXContainerItemProxy;
			containerPortal = E13811C52FDB795C009C141B /* Project object */;
			proxyType = 1;
			remoteGlobalIDString = E13811CC2FDB795C009C141B;
			remoteInfo = NextSeason;
		};
		E1UI00072FE400000076FCDD /* PBXContainerItemProxy */ = {
			isa = PBXContainerItemProxy;
			containerPortal = E13811C52FDB795C009C141B /* Project object */;
			proxyType = 1;
			remoteGlobalIDString = E13811CC2FDB795C009C141B;
			remoteInfo = NextSeason;
		};
/* End PBXContainerItemProxy section */

/* Begin PBXFileReference section */
		E102EAA32FE356E70076FCDD /* 6-14-2026 Phase3.md */ = {isa = PBXFileReference; lastKnownFileType = net.daringfireball.markdown; path = "6-14-2026 Phase3.md"; sourceTree = "<group>"; };
		E102EAA42FE356E70076FCDD /* 6-14-2026 Post Review Updates.md */ = {isa = PBXFileReference; lastKnownFileType = net.daringfireball.markdown; path = "6-14-2026 Post Review Updates.md"; sourceTree = "<group>"; };
		E102EAA72FE356E70076FCDD /* 6-15-2026 Phase 4 Slice 1 Implement Review Items.md */ = {isa = PBXFileReference; lastKnownFileType = net.daringfireball.markdown; path = "6-15-2026 Phase 4 Slice 1 Implement Review Items.md"; sourceTree = "<group>"; };
		E102EAA82FE356E70076FCDD /* 6-15-2026 Phase 4 Slice 1.md */ = {isa = PBXFileReference; lastKnownFileType = net.daringfireball.markdown; path = "6-15-2026 Phase 4 Slice 1.md"; sourceTree = "<group>"; };
		E102EAAB2FE356E70076FCDD /* 6-16-2026 Implement Remaining MVP Items.md */ = {isa = PBXFileReference; lastKnownFileType = net.daringfireball.markdown; path = "6-16-2026 Implement Remaining MVP Items.md"; sourceTree = "<group>"; };
		E102EAAC2FE356E70076FCDD /* 6-16-2026 Phase 4 Slice 1 Wrap Up.md */ = {isa = PBXFileReference; lastKnownFileType = net.daringfireball.markdown; path = "6-16-2026 Phase 4 Slice 1 Wrap Up.md"; sourceTree = "<group>"; };
		E102EAAD2FE356E70076FCDD /* 6-16-2026 Phase 4 Slice 2.md */ = {isa = PBXFileReference; lastKnownFileType = net.daringfireball.markdown; path = "6-16-2026 Phase 4 Slice 2.md"; sourceTree = "<group>"; };
		E102EAAE2FE356E70076FCDD /* 6-16-2026 Phase 4 Slice 2 Implement Review Items.md */ = {isa = PBXFileReference; lastKnownFileType = net.daringfireball.markdown; path = "6-16-2026 Phase 4 Slice 2 Implement Review Items.md"; sourceTree = "<group>"; };
		E102EAB12FE356E70076FCDD /* 6-17-2026 MVP Implement Review Items.md */ = {isa = PBXFileReference; lastKnownFileType = net.daringfireball.markdown; path = "6-17-2026 MVP Implement Review Items.md"; sourceTree = "<group>"; };
		E102EAB32FE3572D0076FCDD /* 6-17-2026 Improve Transcript File Organization.md */ = {isa = PBXFileReference; lastKnownFileType = net.daringfireball.markdown; path = "6-17-2026 Improve Transcript File Organization.md"; sourceTree = "<group>"; };
		E102EFC62FE36AE50076FCDD /* 6-17-2026 Add UI Tests.md */ = {isa = PBXFileReference; lastKnownFileType = net.daringfireball.markdown; path = "6-17-2026 Add UI Tests.md"; sourceTree = "<group>"; };
		E102F0F82FE5E84C0076FCDD /* 6-18-2026 Implement Review Items for Notifications.md */ = {isa = PBXFileReference; lastKnownFileType = net.daringfireball.markdown; path = "6-18-2026 Implement Review Items for Notifications.md"; sourceTree = "<group>"; };
		E117D3C62FEB2C2900C02ADC /* 6-23-2026 Search Discussion.md */ = {isa = PBXFileReference; lastKnownFileType = net.daringfireball.markdown; path = "6-23-2026 Search Discussion.md"; sourceTree = "<group>"; };
		E117D4592FEB342D00C02ADC /* 6-23-2026 Implement Search Improvements.md */ = {isa = PBXFileReference; lastKnownFileType = net.daringfireball.markdown; path = "6-23-2026 Implement Search Improvements.md"; sourceTree = "<group>"; };
		E117D57E2FEB389E00C02ADC /* 6-23-2026 Add Additional UI Tests.md */ = {isa = PBXFileReference; lastKnownFileType = net.daringfireball.markdown; path = "6-23-2026 Add Additional UI Tests.md"; sourceTree = "<group>"; };
		E117D5802FEC40CD00C02ADC /* 6-23-2026 Implement Watchlist Discovery.md */ = {isa = PBXFileReference; lastKnownFileType = net.daringfireball.markdown; path = "6-23-2026 Implement Watchlist Discovery.md"; sourceTree = "<group>"; };
		E117D58D2FEC85ED00C02ADC /* 6-24-2026 Implement Watchlist Redesign.md */ = {isa = PBXFileReference; lastKnownFileType = net.daringfireball.markdown; path = "6-24-2026 Implement Watchlist Redesign.md"; sourceTree = "<group>"; };
		E13811CD2FDB795C009C141B /* NextSeason.app */ = {isa = PBXFileReference; explicitFileType = wrapper.application; includeInIndex = 0; path = NextSeason.app; sourceTree = BUILT_PRODUCTS_DIR; };
		E13811E42FDCAFE0009C141B /* AGENTS.md */ = {isa = PBXFileReference; lastKnownFileType = net.daringfireball.markdown; path = AGENTS.md; sourceTree = "<group>"; };
		E167043A30230010007F7098 /* 8-4-2026 Human Code Review - Questions and Cleanup.md */ = {isa = PBXFileReference; lastKnownFileType = net.daringfireball.markdown; path = "8-4-2026 Human Code Review - Questions and Cleanup.md"; sourceTree = "<group>"; };
		E167068D3023BA77007F7098 /* 8-4-2026 Add diagnostics cleanup to pre-App Store Roadmap.md */ = {isa = PBXFileReference; lastKnownFileType = net.daringfireball.markdown; path = "8-4-2026 Add diagnostics cleanup to pre-App Store Roadmap.md"; sourceTree = "<group>"; };
		E167068E3023BA77007F7098 /* 8-4-2026 Add fatalError to pre-App Store Roadmap.md */ = {isa = PBXFileReference; lastKnownFileType = net.daringfireball.markdown; path = "8-4-2026 Add fatalError to pre-App Store Roadmap.md"; sourceTree = "<group>"; };
		E167068F3023BA77007F7098 /* 8-4-2026 Discuss Analytics Counters.md */ = {isa = PBXFileReference; lastKnownFileType = net.daringfireball.markdown; path = "8-4-2026 Discuss Analytics Counters.md"; sourceTree = "<group>"; };
		E16706903023BA77007F7098 /* 8-4-2026 Remove unused files.md */ = {isa = PBXFileReference; lastKnownFileType = net.daringfireball.markdown; path = "8-4-2026 Remove unused files.md"; sourceTree = "<group>"; };
		E16708CD3023CB86007F7098 /* 8-5-2026 Set up swift-format.md */ = {isa = PBXFileReference; lastKnownFileType = net.daringfireball.markdown; path = "8-5-2026 Set up swift-format.md"; sourceTree = "<group>"; };
		E1670B083023D507007F7098 /* 8-5-2026 Fix Empty Watchlist Alignment.md */ = {isa = PBXFileReference; lastKnownFileType = net.daringfireball.markdown; path = "8-5-2026 Fix Empty Watchlist Alignment.md"; sourceTree = "<group>"; };
		E1670D433023D83E007F7098 /* 8-5-2026 Fix Text Color on Empty Result Views.md */ = {isa = PBXFileReference; lastKnownFileType = net.daringfireball.markdown; path = "8-5-2026 Fix Text Color on Empty Result Views.md"; sourceTree = "<group>"; };
		E1670F7E30240FE5007F7098 /* 8-5-2026 Discuss Adding Swipe-to-Delete to Watchlist.md */ = {isa = PBXFileReference; lastKnownFileType = net.daringfireball.markdown; path = "8-5-2026 Discuss Adding Swipe-to-Delete to Watchlist.md"; sourceTree = "<group>"; };
		E1670F7F30241008007F7098 /* 8-5-2026 Implement Swipe-to-Delete.md */ = {isa = PBXFileReference; lastKnownFileType = net.daringfireball.markdown; path = "8-5-2026 Implement Swipe-to-Delete.md"; sourceTree = "<group>"; };
		E16711BA302415B5007F7098 /* 8-5-2026 Discussion of Platform Support.md */ = {isa = PBXFileReference; lastKnownFileType = net.daringfireball.markdown; path = "8-5-2026 Discussion of Platform Support.md"; sourceTree = "<group>"; };
		E16713F6302512D0007F7098 /* 7-31-2026 Post-MVP Documentation Review and Cleanup.md */ = {isa = PBXFileReference; lastKnownFileType = net.daringfireball.markdown; path = "7-31-2026 Post-MVP Documentation Review and Cleanup.md"; sourceTree = "<group>"; };
		E16713F730251340007F7098 /* 8-6-2026 Discuss Floating Section Header Fix.md */ = {isa = PBXFileReference; lastKnownFileType = net.daringfireball.markdown; path = "8-6-2026 Discuss Floating Section Header Fix.md"; sourceTree = "<group>"; };
		E16713F930251376007F7098 /* 8-6-2026 Implement Floating Section Header Fix.md */ = {isa = PBXFileReference; lastKnownFileType = net.daringfireball.markdown; path = "8-6-2026 Implement Floating Section Header Fix.md"; sourceTree = "<group>"; };
		E1678D3C2FFC5604007F7098 /* 7-6-2026 Add Notification Settings to About.md */ = {isa = PBXFileReference; lastKnownFileType = net.daringfireball.markdown; path = "7-6-2026 Add Notification Settings to About.md"; sourceTree = "<group>"; };
		E1678D412FFC650E007F7098 /* 7-6-2026 Refresh Time and Notification Improvements.md */ = {isa = PBXFileReference; lastKnownFileType = net.daringfireball.markdown; path = "7-6-2026 Refresh Time and Notification Improvements.md"; sourceTree = "<group>"; };
		E16792EC2FFC77BB007F7098 /* README.md */ = {isa = PBXFileReference; lastKnownFileType = net.daringfireball.markdown; path = README.md; sourceTree = "<group>"; };
		E16797C12FFEE58C007F7098 /* 7-8-2026 Implement Items from Indepth Code Review.md */ = {isa = PBXFileReference; lastKnownFileType = net.daringfireball.markdown; path = "7-8-2026 Implement Items from Indepth Code Review.md"; sourceTree = "<group>"; };
		E16799C930004ACC007F7098 /* 7-9-2026 Bug fixes.md */ = {isa = PBXFileReference; lastKnownFileType = net.daringfireball.markdown; path = "7-9-2026 Bug fixes.md"; sourceTree = "<group>"; };
		E1679BD1300549E5007F7098 /* 7-13-2026 Fix Dark Mode bugs.md */ = {isa = PBXFileReference; lastKnownFileType = net.daringfireball.markdown; path = "7-13-2026 Fix Dark Mode bugs.md"; sourceTree = "<group>"; };
		E1679DD9300551EC007F7098 /* 7-13-2026 Launch on non-empty Watchlist.md */ = {isa = PBXFileReference; lastKnownFileType = net.daringfireball.markdown; path = "7-13-2026 Launch on non-empty Watchlist.md"; sourceTree = "<group>"; };
		E1679DDA300561BD007F7098 /* 7-13-2026 Improve Notifications.md */ = {isa = PBXFileReference; lastKnownFileType = net.daringfireball.markdown; path = "7-13-2026 Improve Notifications.md"; sourceTree = "<group>"; };
		E167A3ED30058305007F7098 /* 7-13-2026 Remove Example Button.md */ = {isa = PBXFileReference; lastKnownFileType = net.daringfireball.markdown; path = "7-13-2026 Remove Example Button.md"; sourceTree = "<group>"; };
		E167A5F430058C25007F7098 /* 7-13-2026 Post-MVP-Roadmap-Discussion.md */ = {isa = PBXFileReference; lastKnownFileType = net.daringfireball.markdown; path = "7-13-2026 Post-MVP-Roadmap-Discussion.md"; sourceTree = "<group>"; };
		E167A7FD30070C2E007F7098 /* 7-14-2026 Post-MVP Roadmap Discussion.md */ = {isa = PBXFileReference; lastKnownFileType = net.daringfireball.markdown; path = "7-14-2026 Post-MVP Roadmap Discussion.md"; sourceTree = "<group>"; };
		E167A7FE30070D23007F7098 /* 6-13-2026 Phase 1 and 2.md */ = {isa = PBXFileReference; lastKnownFileType = net.daringfireball.markdown; path = "6-13-2026 Phase 1 and 2.md"; sourceTree = "<group>"; };
		E167A80030070E36007F7098 /* 6-14-2026 Review of Phases 1-3.md */ = {isa = PBXFileReference; lastKnownFileType = net.daringfireball.markdown; path = "6-14-2026 Review of Phases 1-3.md"; sourceTree = "<group>"; };
		E167A80230070E95007F7098 /* 6-15-2026 Review of Phase 4 Slice 1.md */ = {isa = PBXFileReference; lastKnownFileType = net.daringfireball.markdown; path = "6-15-2026 Review of Phase 4 Slice 1.md"; sourceTree = "<group>"; };
		E167A80330070EEE007F7098 /* 6-16-2026 Review of Phase 4 Slice 2.md */ = {isa = PBXFileReference; lastKnownFileType = net.daringfireball.markdown; path = "6-16-2026 Review of Phase 4 Slice 2.md"; sourceTree = "<group>"; };
		E167A80430070F31007F7098 /* 6-17-2026 MVP Review.md */ = {isa = PBXFileReference; lastKnownFileType = net.daringfireball.markdown; path = "6-17-2026 MVP Review.md"; sourceTree = "<group>"; };
		E167A80530070FAF007F7098 /* 6-23-2026 Plan Search Improvements.md */ = {isa = PBXFileReference; lastKnownFileType = net.daringfireball.markdown; path = "6-23-2026 Plan Search Improvements.md"; sourceTree = "<group>"; };
		E167A80630071025007F7098 /* 6-23-2026 Review and Watchlist Planning.md */ = {isa = PBXFileReference; lastKnownFileType = net.daringfireball.markdown; path = "6-23-2026 Review and Watchlist Planning.md"; sourceTree = "<group>"; };
		E167A8073007105D007F7098 /* 6-24-2026 Add Accessibility Details.md */ = {isa = PBXFileReference; lastKnownFileType = net.daringfireball.markdown; path = "6-24-2026 Add Accessibility Details.md"; sourceTree = "<group>"; };
		E167A808300710A5007F7098 /* 6-25-2026 Update Release Readiness for Feedback and Analytics.md */ = {isa = PBXFileReference; lastKnownFileType = net.daringfireball.markdown; path = "6-25-2026 Update Release Readiness for Feedback and Analytics.md"; sourceTree = "<group>"; };
		E167A809300710E8007F7098 /* 6-25-2026 Code Review and Analytics Discussion.md */ = {isa = PBXFileReference; lastKnownFileType = net.daringfireball.markdown; path = "6-25-2026 Code Review and Analytics Discussion.md"; sourceTree = "<group>"; };
		E167A80A3008155B007F7098 /* 6-28-2026 Instruments Discussion.md */ = {isa = PBXFileReference; lastKnownFileType = net.daringfireball.markdown; path = "6-28-2026 Instruments Discussion.md"; sourceTree = "<group>"; };
		E167A80B300815C4007F7098 /* 6-29-2026 Instruments Post-Report Discussion.md */ = {isa = PBXFileReference; lastKnownFileType = net.daringfireball.markdown; path = "6-29-2026 Instruments Post-Report Discussion.md"; sourceTree = "<group>"; };
		E167A80C30081624007F7098 /* 7-2-2026 Diagnostics Work with ChatGPT.md */ = {isa = PBXFileReference; lastKnownFileType = net.daringfireball.markdown; path = "7-2-2026 Diagnostics Work with ChatGPT.md"; sourceTree = "<group>"; };
		E167A80D300816BF007F7098 /* 7-2-2026 Discussion of Upcoming Tasks.md */ = {isa = PBXFileReference; lastKnownFileType = net.daringfireball.markdown; path = "7-2-2026 Discussion of Upcoming Tasks.md"; sourceTree = "<group>"; };
		E167A80E30081700007F7098 /* 7-3-2026 Update Diagrams.md */ = {isa = PBXFileReference; lastKnownFileType = net.daringfireball.markdown; path = "7-3-2026 Update Diagrams.md"; sourceTree = "<group>"; };
		E167A80F3008176C007F7098 /* 7-3-2026 Discuss Search Change.md */ = {isa = PBXFileReference; lastKnownFileType = net.daringfireball.markdown; path = "7-3-2026 Discuss Search Change.md"; sourceTree = "<group>"; };
		E167A810300817AA007F7098 /* 7-6-2026 Accessibility and Notification Discussion.md */ = {isa = PBXFileReference; lastKnownFileType = net.daringfireball.markdown; path = "7-6-2026 Accessibility and Notification Discussion.md"; sourceTree = "<group>"; };
		E167A811300817EE007F7098 /* 7-7-2026 Final Review.md */ = {isa = PBXFileReference; lastKnownFileType = net.daringfireball.markdown; path = "7-7-2026 Final Review.md"; sourceTree = "<group>"; };
		E167A8123008181C007F7098 /* 7-8-2026 Indepth Code Review.md */ = {isa = PBXFileReference; lastKnownFileType = net.daringfireball.markdown; path = "7-8-2026 Indepth Code Review.md"; sourceTree = "<group>"; };
		E167A813300818BE007F7098 /* 6-19-2026 Building Post-MVP Planning Documents.md */ = {isa = PBXFileReference; lastKnownFileType = net.daringfireball.markdown; path = "6-19-2026 Building Post-MVP Planning Documents.md"; sourceTree = "<group>"; };
		E167AA1C30093F55007F7098 /* 7-16-2026 Fix Notification Bug.md */ = {isa = PBXFileReference; lastKnownFileType = net.daringfireball.markdown; path = "7-16-2026 Fix Notification Bug.md"; sourceTree = "<group>"; };
		E167AC23300941D9007F7098 /* 7-16-2026 Feature Removal Discussion.md */ = {isa = PBXFileReference; lastKnownFileType = net.daringfireball.markdown; path = "7-16-2026 Feature Removal Discussion.md"; sourceTree = "<group>"; };
		E167AC2430094782007F7098 /* 7-16-2026 Implement Removal of Tappable Actor Names.md */ = {isa = PBXFileReference; lastKnownFileType = net.daringfireball.markdown; path = "7-16-2026 Implement Removal of Tappable Actor Names.md"; sourceTree = "<group>"; };
		E167AE2F30099758007F7098 /* 7-16-2026 Product MVP Discussion.md */ = {isa = PBXFileReference; lastKnownFileType = net.daringfireball.markdown; path = "7-16-2026 Product MVP Discussion.md"; sourceTree = "<group>"; };
		E167AE3130099B9C007F7098 /* 7-16-2026 Implement Watchlist Search.md */ = {isa = PBXFileReference; lastKnownFileType = net.daringfireball.markdown; path = "7-16-2026 Implement Watchlist Search.md"; sourceTree = "<group>"; };
		E167B03B3009D883007F7098 /* 7-16-2026 Add Note about Notification Reliability.md */ = {isa = PBXFileReference; lastKnownFileType = net.daringfireball.markdown; path = "7-16-2026 Add Note about Notification Reliability.md"; sourceTree = "<group>"; };
		E167BA9D300AD59C007F7098 /* SerialTesting.xctestplan */ = {isa = PBXFileReference; lastKnownFileType = text; path = SerialTesting.xctestplan; sourceTree = "<group>"; };
		E167BDBF300ADE10007F7098 /* 7-16-2026 Clean up duplicated code paths.md */ = {isa = PBXFileReference; lastKnownFileType = net.daringfireball.markdown; path = "7-16-2026 Clean up duplicated code paths.md"; sourceTree = "<group>"; };
		E167BFD8300D5DE7007F7098 /* 7-19-2026 Remove Code Duplication Part 1.md */ = {isa = PBXFileReference; lastKnownFileType = net.daringfireball.markdown; path = "7-19-2026 Remove Code Duplication Part 1.md"; sourceTree = "<group>"; };
		E167BFDD300D61D5007F7098 /* 7-19-2026 Remove Code Duplication Part 2.md */ = {isa = PBXFileReference; lastKnownFileType = net.daringfireball.markdown; path = "7-19-2026 Remove Code Duplication Part 2.md"; sourceTree = "<group>"; };
		E167BFE2300D67DF007F7098 /* 7-19-2026 Remove Code Duplication Part 3.md */ = {isa = PBXFileReference; lastKnownFileType = net.daringfireball.markdown; path = "7-19-2026 Remove Code Duplication Part 3.md"; sourceTree = "<group>"; };
		E167CAF1300ED865007F7098 /* 7-20-2026 Implement Code Review Findings.md */ = {isa = PBXFileReference; lastKnownFileType = net.daringfireball.markdown; path = "7-20-2026 Implement Code Review Findings.md"; sourceTree = "<group>"; };
		E167CC0E300EDAEA007F7098 /* 7-20-2026 Set Theme to Teal and Hide Switcher.md */ = {isa = PBXFileReference; lastKnownFileType = net.daringfireball.markdown; path = "7-20-2026 Set Theme to Teal and Hide Switcher.md"; sourceTree = "<group>"; };
		E167CE47300EE881007F7098 /* 7-20-2026 Project Code and Documentation Review.md */ = {isa = PBXFileReference; lastKnownFileType = net.daringfireball.markdown; path = "7-20-2026 Project Code and Documentation Review.md"; sourceTree = "<group>"; };
		E167D080301040BB007F7098 /* NextSeason - App Store Readiness Roadmap.md */ = {isa = PBXFileReference; lastKnownFileType = net.daringfireball.markdown; path = "NextSeason - App Store Readiness Roadmap.md"; sourceTree = "<group>"; };
		E167D081301040BB007F7098 /* NextSeason - Product Evolution Roadmap.md */ = {isa = PBXFileReference; lastKnownFileType = net.daringfireball.markdown; path = "NextSeason - Product Evolution Roadmap.md"; sourceTree = "<group>"; };
		E167D0823010418F007F7098 /* 7-21-2026 Post-MVP Roadmap Split 1.md */ = {isa = PBXFileReference; lastKnownFileType = net.daringfireball.markdown; path = "7-21-2026 Post-MVP Roadmap Split 1.md"; sourceTree = "<group>"; };
		E167D0833010419B007F7098 /* 7-21-2026 Post-MVP Roadmap Split 2.md */ = {isa = PBXFileReference; lastKnownFileType = net.daringfireball.markdown; path = "7-21-2026 Post-MVP Roadmap Split 2.md"; sourceTree = "<group>"; };
		E167D084301041A4007F7098 /* 7-21-2026 Add AI Feature to Post-App Store Roadmap.md */ = {isa = PBXFileReference; lastKnownFileType = net.daringfireball.markdown; path = "7-21-2026 Add AI Feature to Post-App Store Roadmap.md"; sourceTree = "<group>"; };
		E167D2C13011533D007F7098 /* 7-22-2026 Watchlist Improvement Discussion.md */ = {isa = PBXFileReference; lastKnownFileType = net.daringfireball.markdown; path = "7-22-2026 Watchlist Improvement Discussion.md"; sourceTree = "<group>"; };
		E167D2C230115379007F7098 /* 7-22-2026 Watchlist Bug Fixes.md */ = {isa = PBXFileReference; lastKnownFileType = net.daringfireball.markdown; path = "7-22-2026 Watchlist Bug Fixes.md"; sourceTree = "<group>"; };
		E167D2C330115406007F7098 /* 7-22-2026 Watchlist Improvement Implementation.md */ = {isa = PBXFileReference; lastKnownFileType = net.daringfireball.markdown; path = "7-22-2026 Watchlist Improvement Implementation.md"; sourceTree = "<group>"; };
		E167D73A301170C6007F7098 /* 7-13-2026 Watchlist vs Search Design.md */ = {isa = PBXFileReference; lastKnownFileType = net.daringfireball.markdown; path = "7-13-2026 Watchlist vs Search Design.md"; sourceTree = "<group>"; };
		E167D73B30117162007F7098 /* 7-20-2026 MVP vs App Store Roadmap.md */ = {isa = PBXFileReference; lastKnownFileType = net.daringfireball.markdown; path = "7-20-2026 MVP vs App Store Roadmap.md"; sourceTree = "<group>"; };
		E167D73F3011732D007F7098 /* 7-21-2026 MVP Completion Checklist.md */ = {isa = PBXFileReference; lastKnownFileType = net.daringfireball.markdown; path = "7-21-2026 MVP Completion Checklist.md"; sourceTree = "<group>"; };
		E167DDF53012B34E007F7098 /* 7-23-2026 Transcript Comparison and Edits.md */ = {isa = PBXFileReference; lastKnownFileType = net.daringfireball.markdown; path = "7-23-2026 Transcript Comparison and Edits.md"; sourceTree = "<group>"; };
		E167E0323017F0C9007F7098 /* 7-27-2026 HIG and Liquid Glass Audit.md */ = {isa = PBXFileReference; lastKnownFileType = net.daringfireball.markdown; path = "7-27-2026 HIG and Liquid Glass Audit.md"; sourceTree = "<group>"; };
		E167E0333017F0D7007F7098 /* 7-27-2026 UI Audit Implementation.md */ = {isa = PBXFileReference; lastKnownFileType = net.daringfireball.markdown; path = "7-27-2026 UI Audit Implementation.md"; sourceTree = "<group>"; };
		E167E27030180120007F7098 /* 7-27-2026 Fix Watchlist Reload Bug.md */ = {isa = PBXFileReference; lastKnownFileType = net.daringfireball.markdown; path = "7-27-2026 Fix Watchlist Reload Bug.md"; sourceTree = "<group>"; };
		E167ED91301A8BB1007F7098 /* 7-29-2026 App Icon Discussion.md */ = {isa = PBXFileReference; lastKnownFileType = net.daringfireball.markdown; path = "7-29-2026 App Icon Discussion.md"; sourceTree = "<group>"; };
		E167ED92301A8BDC007F7098 /* 7-29-2026 Refactor theming and colors.md */ = {isa = PBXFileReference; lastKnownFileType = net.daringfireball.markdown; path = "7-29-2026 Refactor theming and colors.md"; sourceTree = "<group>"; };
		E167F0EA301AB58A007F7098 /* MVPArchitecture.md */ = {isa = PBXFileReference; lastKnownFileType = net.daringfireball.markdown; path = MVPArchitecture.md; sourceTree = "<group>"; };
		E167F0EB301AC74B007F7098 /* MVPAnalytics.md */ = {isa = PBXFileReference; lastKnownFileType = net.daringfireball.markdown; path = MVPAnalytics.md; sourceTree = "<group>"; };
		E167F330301D2F41007F7098 /* 7-29-2026 Documentation Review and Cleanup.md */ = {isa = PBXFileReference; lastKnownFileType = net.daringfireball.markdown; path = "7-29-2026 Documentation Review and Cleanup.md"; sourceTree = "<group>"; };
		E167FE83301D42A3007F7098 /* 7-31-2026 Remove soak test code.md */ = {isa = PBXFileReference; lastKnownFileType = net.daringfireball.markdown; path = "7-31-2026 Remove soak test code.md"; sourceTree = "<group>"; };
		E17E04942FDE291A00708D7A /* MVPDefinition.md */ = {isa = PBXFileReference; lastKnownFileType = net.daringfireball.markdown; path = MVPDefinition.md; sourceTree = "<group>"; };
		E17E04952FDE291A00708D7A /* ProblemStatement.md */ = {isa = PBXFileReference; lastKnownFileType = net.daringfireball.markdown; path = ProblemStatement.md; sourceTree = "<group>"; };
		E197008E2FF72BFF00D34A28 /* 7-2-2026 Diagnostics Work with Cursor.md */ = {isa = PBXFileReference; lastKnownFileType = net.daringfireball.markdown; path = "7-2-2026 Diagnostics Work with Cursor.md"; sourceTree = "<group>"; };
		E197EC972FF06ED800D34A28 /* 6-27-2026 Fix UI Test Failure.md */ = {isa = PBXFileReference; lastKnownFileType = net.daringfireball.markdown; path = "6-27-2026 Fix UI Test Failure.md"; sourceTree = "<group>"; };
		E197EF202FF31C0B00D34A28 /* 6-28-2026 Instruments Report Stage 1.md */ = {isa = PBXFileReference; lastKnownFileType = net.daringfireball.markdown; path = "6-28-2026 Instruments Report Stage 1.md"; sourceTree = "<group>"; };
		E197EF212FF31C3B00D34A28 /* 6-29-2026 Instruments Report Stage 2.md */ = {isa = PBXFileReference; lastKnownFileType = net.daringfireball.markdown; path = "6-29-2026 Instruments Report Stage 2.md"; sourceTree = "<group>"; };
		E197F2752FF39AF100D34A28 /* 6-29-2026 Fix Watchlist Refresh Crash.md */ = {isa = PBXFileReference; lastKnownFileType = net.daringfireball.markdown; path = "6-29-2026 Fix Watchlist Refresh Crash.md"; sourceTree = "<group>"; };
		E197F2762FF39B3B00D34A28 /* 6-29-2026 Plan for Fixing Watchlist Refresh Crash.md */ = {isa = PBXFileReference; lastKnownFileType = net.daringfireball.markdown; path = "6-29-2026 Plan for Fixing Watchlist Refresh Crash.md"; sourceTree = "<group>"; };
		E197F4242FF43B5000D34A28 /* 6-30-2026 Discuss Potential ModelContainer Init Failures.md */ = {isa = PBXFileReference; lastKnownFileType = net.daringfireball.markdown; path = "6-30-2026 Discuss Potential ModelContainer Init Failures.md"; sourceTree = "<group>"; };
		E197F42E2FF46A7800D34A28 /* README.md */ = {isa = PBXFileReference; lastKnownFileType = net.daringfireball.markdown; path = README.md; sourceTree = "<group>"; };
		E197F42F2FF47B1700D34A28 /* README.md */ = {isa = PBXFileReference; lastKnownFileType = net.daringfireball.markdown; path = README.md; sourceTree = "<group>"; };
		E197F4302FF48AA200D34A28 /* 6-30-2026 Improve Theme Switcher.md */ = {isa = PBXFileReference; lastKnownFileType = net.daringfireball.markdown; path = "6-30-2026 Improve Theme Switcher.md"; sourceTree = "<group>"; };
		E197F5E72FF48E4100D34A28 /* 6-30-2026 Add Notification Options to Diagnostics Menu.md */ = {isa = PBXFileReference; lastKnownFileType = net.daringfireball.markdown; path = "6-30-2026 Add Notification Options to Diagnostics Menu.md"; sourceTree = "<group>"; };
		E1DA26BC2FDDD99700C37DAC /* safety.mdc */ = {isa = PBXFileReference; lastKnownFileType = text; name = safety.mdc; path = .cursor/rules/safety.mdc; sourceTree = "<group>"; };
		E1DA26BD2FDDD99700C37DAC /* swiftui-project-style.mdc */ = {isa = PBXFileReference; lastKnownFileType = text; name = "swiftui-project-style.mdc"; path = ".cursor/rules/swiftui-project-style.mdc"; sourceTree = "<group>"; };
		E1DA26C02FDDDE7400C37DAC /* ProjectKickoff.md */ = {isa = PBXFileReference; lastKnownFileType = net.daringfireball.markdown; path = ProjectKickoff.md; sourceTree = "<group>"; };
		E1DAC54D2FDE2E1F00BD81E5 /* UserStories.md */ = {isa = PBXFileReference; lastKnownFileType = net.daringfireball.markdown; path = UserStories.md; sourceTree = "<group>"; };
		E1DAC54F2FDF358800BD81E5 /* InitialArchitecture.md */ = {isa = PBXFileReference; lastKnownFileType = net.daringfireball.markdown; path = InitialArchitecture.md; sourceTree = "<group>"; };
		E1DAC5502FDF358800BD81E5 /* Implementation Plan.md */ = {isa = PBXFileReference; lastKnownFileType = net.daringfireball.markdown; path = "Implementation Plan.md"; sourceTree = "<group>"; };
		E1DAC5512FDF358800BD81E5 /* TVMazeResearch.md */ = {isa = PBXFileReference; lastKnownFileType = net.daringfireball.markdown; path = TVMazeResearch.md; sourceTree = "<group>"; };
		E1DAC5592FDF5A4B00BD81E5 /* NextSeasonTests.xctest */ = {isa = PBXFileReference; explicitFileType = wrapper.cfbundle; includeInIndex = 0; path = NextSeasonTests.xctest; sourceTree = BUILT_PRODUCTS_DIR; };
		E1E246BB2FF82FF700E5FD11 /* 01-app-architecture.md */ = {isa = PBXFileReference; lastKnownFileType = net.daringfireball.markdown; path = "01-app-architecture.md"; sourceTree = "<group>"; };
		E1E246BC2FF82FF700E5FD11 /* 02-navigation-and-screens.md */ = {isa = PBXFileReference; lastKnownFileType = net.daringfireball.markdown; path = "02-navigation-and-screens.md"; sourceTree = "<group>"; };
		E1E246BD2FF82FF700E5FD11 /* 03-watchlist-refresh-and-notifications.md */ = {isa = PBXFileReference; lastKnownFileType = net.daringfireball.markdown; path = "03-watchlist-refresh-and-notifications.md"; sourceTree = "<group>"; };
		E1E246BE2FF82FF700E5FD11 /* 04-data-and-persistence.md */ = {isa = PBXFileReference; lastKnownFileType = net.daringfireball.markdown; path = "04-data-and-persistence.md"; sourceTree = "<group>"; };
		E1E246C02FF82FF700E5FD11 /* 05-search-flow.md */ = {isa = PBXFileReference; lastKnownFileType = net.daringfireball.markdown; path = "05-search-flow.md"; sourceTree = "<group>"; };
		E1E246C12FF82FF700E5FD11 /* 06-show-detail-and-tracking.md */ = {isa = PBXFileReference; lastKnownFileType = net.daringfireball.markdown; path = "06-show-detail-and-tracking.md"; sourceTree = "<group>"; };
		E1E246C22FF82FF700E5FD11 /* 07-beta-diagnostics-and-testing.md */ = {isa = PBXFileReference; lastKnownFileType = net.daringfireball.markdown; path = "07-beta-diagnostics-and-testing.md"; sourceTree = "<group>"; };
		E1E246C32FF82FF700E5FD11 /* 08-background-refresh-scheduling.md */ = {isa = PBXFileReference; lastKnownFileType = net.daringfireball.markdown; path = "08-background-refresh-scheduling.md"; sourceTree = "<group>"; };
		E1E246C42FF82FF700E5FD11 /* 09-analytics-and-diagnostics.md */ = {isa = PBXFileReference; lastKnownFileType = net.daringfireball.markdown; path = "09-analytics-and-diagnostics.md"; sourceTree = "<group>"; };
		E1E24A552FF8393B00E5FD11 /* 7-3-2026 Clean up Scripts.md */ = {isa = PBXFileReference; lastKnownFileType = net.daringfireball.markdown; path = "7-3-2026 Clean up Scripts.md"; sourceTree = "<group>"; };
		E1E24C242FF84A2300E5FD11 /* 7-3-2026 Add to Diagnostics View.md */ = {isa = PBXFileReference; lastKnownFileType = net.daringfireball.markdown; path = "7-3-2026 Add to Diagnostics View.md"; sourceTree = "<group>"; };
		E1E24DF42FF86FEB00E5FD11 /* 7-3-2026 Implement Search Change.md */ = {isa = PBXFileReference; lastKnownFileType = net.daringfireball.markdown; path = "7-3-2026 Implement Search Change.md"; sourceTree = "<group>"; };
		E1E24FD42FFC30DA00E5FD11 /* 7-6-2026 Improve VoiceOver.md */ = {isa = PBXFileReference; lastKnownFileType = net.daringfireball.markdown; path = "7-6-2026 Improve VoiceOver.md"; sourceTree = "<group>"; };
		E1E24FD52FFC323300E5FD11 /* MVP-Search-Results.jpeg */ = {isa = PBXFileReference; lastKnownFileType = image.jpeg; path = "MVP-Search-Results.jpeg"; sourceTree = "<group>"; };
		E1E24FD62FFC331F00E5FD11 /* MVP-Show-Detail.jpeg */ = {isa = PBXFileReference; lastKnownFileType = image.jpeg; path = "MVP-Show-Detail.jpeg"; sourceTree = "<group>"; };
		E1E24FD72FFC332F00E5FD11 /* MVP-Watchlist.jpeg */ = {isa = PBXFileReference; lastKnownFileType = image.jpeg; path = "MVP-Watchlist.jpeg"; sourceTree = "<group>"; };
		E1F0A0012FE200000076FCDD /* App-Info.plist */ = {isa = PBXFileReference; lastKnownFileType = text.plist.xml; path = "App-Info.plist"; sourceTree = "<group>"; };
		E1F2592C2FECA491006D0E58 /* 6-24-2026 Implement Visual and UI Polish.md */ = {isa = PBXFileReference; lastKnownFileType = net.daringfireball.markdown; path = "6-24-2026 Implement Visual and UI Polish.md"; sourceTree = "<group>"; };
		E1F25DCF2FEDB3D8006D0E58 /* 6-24-2026 Implement First Run Experience.md */ = {isa = PBXFileReference; lastKnownFileType = net.daringfireball.markdown; path = "6-24-2026 Implement First Run Experience.md"; sourceTree = "<group>"; };
		E1F25DD82FEDC3D6006D0E58 /* 6-25-2026 Implement Analytics.md */ = {isa = PBXFileReference; lastKnownFileType = net.daringfireball.markdown; path = "6-25-2026 Implement Analytics.md"; sourceTree = "<group>"; };
		E1F25F392FEDC87B006D0E58 /* 6-25-2026 Fix Search Keyboard Bug.md */ = {isa = PBXFileReference; lastKnownFileType = net.daringfireball.markdown; path = "6-25-2026 Fix Search Keyboard Bug.md"; sourceTree = "<group>"; };
		E1F260B22FEDD75E006D0E58 /* 6-25-2026 Implement Color Theme Switcher.md */ = {isa = PBXFileReference; lastKnownFileType = net.daringfireball.markdown; path = "6-25-2026 Implement Color Theme Switcher.md"; sourceTree = "<group>"; };
		E1F2680C2FEDDC26006D0E58 /* 6-25-2026 Move Target iOS Version to 18.md */ = {isa = PBXFileReference; lastKnownFileType = net.daringfireball.markdown; path = "6-25-2026 Move Target iOS Version to 18.md"; sourceTree = "<group>"; };
		E1F268CD2FEDF477006D0E58 /* 6-25-2026 Improve App Icon.md */ = {isa = PBXFileReference; lastKnownFileType = net.daringfireball.markdown; path = "6-25-2026 Improve App Icon.md"; sourceTree = "<group>"; };
		E1F26A542FEE1B3A006D0E58 /* 6-25-2026 Implement Additional Analytics.md */ = {isa = PBXFileReference; lastKnownFileType = net.daringfireball.markdown; path = "6-25-2026 Implement Additional Analytics.md"; sourceTree = "<group>"; };
		E1F26BE52FEE285B006D0E58 /* 6-25-2026 Discuss Fix for Genre Breaking Before Separator.md */ = {isa = PBXFileReference; lastKnownFileType = net.daringfireball.markdown; path = "6-25-2026 Discuss Fix for Genre Breaking Before Separator.md"; sourceTree = "<group>"; };
		E1UI00012FE400000076FCDD /* NextSeasonUITests.xctest */ = {isa = PBXFileReference; explicitFileType = wrapper.cfbundle; includeInIndex = 0; path = NextSeasonUITests.xctest; sourceTree = BUILT_PRODUCTS_DIR; };
/* End PBXFileReference section */

/* Begin PBXFileSystemSynchronizedBuildFileExceptionSet section */
		E167E91230196A87007F7098 /* Exceptions for "NextSeason" folder in "NextSeason" target */ = {
			isa = PBXFileSystemSynchronizedBuildFileExceptionSet;
			membershipExceptions = (
				"App Icon/Design History/NextSeasonIcon-CoolGrayGradient-WhiteInteriors.svg",
				"App Icon/Design History/NextSeasonIcon-CoolGrayGradient.svg",
				"App Icon/Design History/NextSeasonIcon-Instructions.txt",
				"App Icon/Design History/README-AppIconArtwork.md",
			);
			target = E13811CC2FDB795C009C141B /* NextSeason */;
		};
/* End PBXFileSystemSynchronizedBuildFileExceptionSet section */

/* Begin PBXFileSystemSynchronizedRootGroup section */
		E13811CF2FDB795C009C141B /* NextSeason */ = {
			isa = PBXFileSystemSynchronizedRootGroup;
			exceptions = (
				E167E91230196A87007F7098 /* Exceptions for "NextSeason" folder in "NextSeason" target */,
			);
			path = NextSeason;
			sourceTree = "<group>";
		};
		E1DAC55A2FDF5A4B00BD81E5 /* NextSeasonTests */ = {
			isa = PBXFileSystemSynchronizedRootGroup;
			path = NextSeasonTests;
			sourceTree = "<group>";
		};
		E1SHARED012FE400000076FCDD /* NextSeasonShared */ = {
			isa = PBXFileSystemSynchronizedRootGroup;
			path = NextSeasonShared;
			sourceTree = "<group>";
		};
		E1UI00022FE400000076FCDD /* NextSeasonUITests */ = {
			isa = PBXFileSystemSynchronizedRootGroup;
			path = NextSeasonUITests;
			sourceTree = "<group>";
		};
/* End PBXFileSystemSynchronizedRootGroup section */

/* Begin PBXFrameworksBuildPhase section */
		E13811CA2FDB795C009C141B /* Frameworks */ = {
			isa = PBXFrameworksBuildPhase;
			buildActionMask = 2147483647;
			files = (
			);
			runOnlyForDeploymentPostprocessing = 0;
		};
		E1DAC5562FDF5A4B00BD81E5 /* Frameworks */ = {
			isa = PBXFrameworksBuildPhase;
			buildActionMask = 2147483647;
			files = (
			);
			runOnlyForDeploymentPostprocessing = 0;
		};
		E1UI00052FE400000076FCDD /* Frameworks */ = {
			isa = PBXFrameworksBuildPhase;
			buildActionMask = 2147483647;
			files = (
			);
			runOnlyForDeploymentPostprocessing = 0;
		};
/* End PBXFrameworksBuildPhase section */

/* Begin PBXGroup section */
		E102F0622FE4A8D10076FCDD /* Diagrams */ = {
			isa = PBXGroup;
			children = (
				E1E246BB2FF82FF700E5FD11 /* 01-app-architecture.md */,
				E1E246BC2FF82FF700E5FD11 /* 02-navigation-and-screens.md */,
				E1E246BD2FF82FF700E5FD11 /* 03-watchlist-refresh-and-notifications.md */,
				E1E246BE2FF82FF700E5FD11 /* 04-data-and-persistence.md */,
				E1E246C02FF82FF700E5FD11 /* 05-search-flow.md */,
				E1E246C12FF82FF700E5FD11 /* 06-show-detail-and-tracking.md */,
				E1E246C22FF82FF700E5FD11 /* 07-beta-diagnostics-and-testing.md */,
				E1E246C32FF82FF700E5FD11 /* 08-background-refresh-scheduling.md */,
				E1E246C42FF82FF700E5FD11 /* 09-analytics-and-diagnostics.md */,
				E197F42E2FF46A7800D34A28 /* README.md */,
			);
			path = Diagrams;
			sourceTree = "<group>";
		};
		E102F0FA2FE5F18F0076FCDD /* MVP */ = {
			isa = PBXGroup;
			children = (
				E197FEB02FF7134F00D34A28 /* Screenshots */,
				E102F0622FE4A8D10076FCDD /* Diagrams */,
				E1DAC54B2FDE2E1F00BD81E5 /* AI Transcripts */,
				E17E04952FDE291A00708D7A /* ProblemStatement.md */,
				E1DA26C02FDDDE7400C37DAC /* ProjectKickoff.md */,
				E17E04942FDE291A00708D7A /* MVPDefinition.md */,
				E1DAC54F2FDF358800BD81E5 /* InitialArchitecture.md */,
				E167F0EA301AB58A007F7098 /* MVPArchitecture.md */,
				E1DAC5502FDF358800BD81E5 /* Implementation Plan.md */,
				E1DAC5512FDF358800BD81E5 /* TVMazeResearch.md */,
				E1DAC54D2FDE2E1F00BD81E5 /* UserStories.md */,
				E167F0EB301AC74B007F7098 /* MVPAnalytics.md */,
			);
			path = MVP;
			sourceTree = "<group>";
		};
		E102F0FC2FE5F1F40076FCDD /* Post-MVP */ = {
			isa = PBXGroup;
			children = (
				E167D080301040BB007F7098 /* NextSeason - App Store Readiness Roadmap.md */,
				E167D081301040BB007F7098 /* NextSeason - Product Evolution Roadmap.md */,
				E102F0FD2FE5F2100076FCDD /* AI Transcripts */,
			);
			path = "Post-MVP";
			sourceTree = "<group>";
		};
		E102F0FD2FE5F2100076FCDD /* AI Transcripts */ = {
			isa = PBXGroup;
			children = (
				E167A813300818BE007F7098 /* 6-19-2026 Building Post-MVP Planning Documents.md */,
				E167A5F430058C25007F7098 /* 7-13-2026 Post-MVP-Roadmap-Discussion.md */,
				E167A7FD30070C2E007F7098 /* 7-14-2026 Post-MVP Roadmap Discussion.md */,
				E167D0823010418F007F7098 /* 7-21-2026 Post-MVP Roadmap Split 1.md */,
				E167D0833010419B007F7098 /* 7-21-2026 Post-MVP Roadmap Split 2.md */,
				E167D084301041A4007F7098 /* 7-21-2026 Add AI Feature to Post-App Store Roadmap.md */,
			);
			path = "AI Transcripts";
			sourceTree = "<group>";
		};
		E13811C42FDB795C009C141B = {
			isa = PBXGroup;
			children = (
				E167BA9D300AD59C007F7098 /* SerialTesting.xctestplan */,
				E197F42F2FF47B1700D34A28 /* README.md */,
				E1DA26BF2FDDDE6000C37DAC /* Documentation */,
				E1DA26BE2FDDD9A800C37DAC /* Cursor Rules */,
				E13811E42FDCAFE0009C141B /* AGENTS.md */,
				E1F0A0012FE200000076FCDD /* App-Info.plist */,
				E13811CF2FDB795C009C141B /* NextSeason */,
				E1SHARED012FE400000076FCDD /* NextSeasonShared */,
				E1DAC55A2FDF5A4B00BD81E5 /* NextSeasonTests */,
				E1UI00022FE400000076FCDD /* NextSeasonUITests */,
				E13811CE2FDB795C009C141B /* Products */,
			);
			sourceTree = "<group>";
		};
		E13811CE2FDB795C009C141B /* Products */ = {
			isa = PBXGroup;
			children = (
				E13811CD2FDB795C009C141B /* NextSeason.app */,
				E1DAC5592FDF5A4B00BD81E5 /* NextSeasonTests.xctest */,
				E1UI00012FE400000076FCDD /* NextSeasonUITests.xctest */,
			);
			name = Products;
			sourceTree = "<group>";
		};
		E197FEB02FF7134F00D34A28 /* Screenshots */ = {
			isa = PBXGroup;
			children = (
				E1E24FD52FFC323300E5FD11 /* MVP-Search-Results.jpeg */,
				E1E24FD62FFC331F00E5FD11 /* MVP-Show-Detail.jpeg */,
				E1E24FD72FFC332F00E5FD11 /* MVP-Watchlist.jpeg */,
			);
			path = Screenshots;
			sourceTree = "<group>";
		};
		E1DA26BE2FDDD9A800C37DAC /* Cursor Rules */ = {
			isa = PBXGroup;
			children = (
				E1DA26BC2FDDD99700C37DAC /* safety.mdc */,
				E1DA26BD2FDDD99700C37DAC /* swiftui-project-style.mdc */,
			);
			name = "Cursor Rules";
			sourceTree = "<group>";
		};
		E1DA26BF2FDDDE6000C37DAC /* Documentation */ = {
			isa = PBXGroup;
			children = (
				E102F0FA2FE5F18F0076FCDD /* MVP */,
				E102F0FC2FE5F1F40076FCDD /* Post-MVP */,
			);
			path = Documentation;
			sourceTree = "<group>";
		};
		E1DAC54B2FDE2E1F00BD81E5 /* AI Transcripts */ = {
			isa = PBXGroup;
			children = (
				E16792EC2FFC77BB007F7098 /* README.md */,
				E167A7FE30070D23007F7098 /* 6-13-2026 Phase 1 and 2.md */,
				E102EAA32FE356E70076FCDD /* 6-14-2026 Phase3.md */,
				E102EAA42FE356E70076FCDD /* 6-14-2026 Post Review Updates.md */,
				E167A80030070E36007F7098 /* 6-14-2026 Review of Phases 1-3.md */,
				E167A80230070E95007F7098 /* 6-15-2026 Review of Phase 4 Slice 1.md */,
				E102EAA72FE356E70076FCDD /* 6-15-2026 Phase 4 Slice 1 Implement Review Items.md */,
				E102EAA82FE356E70076FCDD /* 6-15-2026 Phase 4 Slice 1.md */,
				E167A80330070EEE007F7098 /* 6-16-2026 Review of Phase 4 Slice 2.md */,
				E102EAAB2FE356E70076FCDD /* 6-16-2026 Implement Remaining MVP Items.md */,
				E102EAAC2FE356E70076FCDD /* 6-16-2026 Phase 4 Slice 1 Wrap Up.md */,
				E102EAAD2FE356E70076FCDD /* 6-16-2026 Phase 4 Slice 2.md */,
				E102EAAE2FE356E70076FCDD /* 6-16-2026 Phase 4 Slice 2 Implement Review Items.md */,
				E167A80430070F31007F7098 /* 6-17-2026 MVP Review.md */,
				E102EAB12FE356E70076FCDD /* 6-17-2026 MVP Implement Review Items.md */,
				E102EAB32FE3572D0076FCDD /* 6-17-2026 Improve Transcript File Organization.md */,
				E102EFC62FE36AE50076FCDD /* 6-17-2026 Add UI Tests.md */,
				E102F0F82FE5E84C0076FCDD /* 6-18-2026 Implement Review Items for Notifications.md */,
				E117D3C62FEB2C2900C02ADC /* 6-23-2026 Search Discussion.md */,
				E167A80530070FAF007F7098 /* 6-23-2026 Plan Search Improvements.md */,
				E117D4592FEB342D00C02ADC /* 6-23-2026 Implement Search Improvements.md */,
				E117D57E2FEB389E00C02ADC /* 6-23-2026 Add Additional UI Tests.md */,
				E117D5802FEC40CD00C02ADC /* 6-23-2026 Implement Watchlist Discovery.md */,
				E167A80630071025007F7098 /* 6-23-2026 Review and Watchlist Planning.md */,
				E167A8073007105D007F7098 /* 6-24-2026 Add Accessibility Details.md */,
				E117D58D2FEC85ED00C02ADC /* 6-24-2026 Implement Watchlist Redesign.md */,
				E1F2592C2FECA491006D0E58 /* 6-24-2026 Implement Visual and UI Polish.md */,
				E1F25DCF2FEDB3D8006D0E58 /* 6-24-2026 Implement First Run Experience.md */,
				E167A808300710A5007F7098 /* 6-25-2026 Update Release Readiness for Feedback and Analytics.md */,
				E1F25DD82FEDC3D6006D0E58 /* 6-25-2026 Implement Analytics.md */,
				E1F25F392FEDC87B006D0E58 /* 6-25-2026 Fix Search Keyboard Bug.md */,
				E1F260B22FEDD75E006D0E58 /* 6-25-2026 Implement Color Theme Switcher.md */,
				E1F2680C2FEDDC26006D0E58 /* 6-25-2026 Move Target iOS Version to 18.md */,
				E1F268CD2FEDF477006D0E58 /* 6-25-2026 Improve App Icon.md */,
				E167A809300710E8007F7098 /* 6-25-2026 Code Review and Analytics Discussion.md */,
				E1F26A542FEE1B3A006D0E58 /* 6-25-2026 Implement Additional Analytics.md */,
				E1F26BE52FEE285B006D0E58 /* 6-25-2026 Discuss Fix for Genre Breaking Before Separator.md */,
				E197EC972FF06ED800D34A28 /* 6-27-2026 Fix UI Test Failure.md */,
				E197EF202FF31C0B00D34A28 /* 6-28-2026 Instruments Report Stage 1.md */,
				E167A80A3008155B007F7098 /* 6-28-2026 Instruments Discussion.md */,
				E167A80B300815C4007F7098 /* 6-29-2026 Instruments Post-Report Discussion.md */,
				E197EF212FF31C3B00D34A28 /* 6-29-2026 Instruments Report Stage 2.md */,
				E197F2762FF39B3B00D34A28 /* 6-29-2026 Plan for Fixing Watchlist Refresh Crash.md */,
				E197F2752FF39AF100D34A28 /* 6-29-2026 Fix Watchlist Refresh Crash.md */,
				E197F4242FF43B5000D34A28 /* 6-30-2026 Discuss Potential ModelContainer Init Failures.md */,
				E197F4302FF48AA200D34A28 /* 6-30-2026 Improve Theme Switcher.md */,
				E197F5E72FF48E4100D34A28 /* 6-30-2026 Add Notification Options to Diagnostics Menu.md */,
				E167A80C30081624007F7098 /* 7-2-2026 Diagnostics Work with ChatGPT.md */,
				E167A80D300816BF007F7098 /* 7-2-2026 Discussion of Upcoming Tasks.md */,
				E197008E2FF72BFF00D34A28 /* 7-2-2026 Diagnostics Work with Cursor.md */,
				E167A80E30081700007F7098 /* 7-3-2026 Update Diagrams.md */,
				E1E24A552FF8393B00E5FD11 /* 7-3-2026 Clean up Scripts.md */,
				E1E24C242FF84A2300E5FD11 /* 7-3-2026 Add to Diagnostics View.md */,
				E167A80F3008176C007F7098 /* 7-3-2026 Discuss Search Change.md */,
				E1E24DF42FF86FEB00E5FD11 /* 7-3-2026 Implement Search Change.md */,
				E1E24FD42FFC30DA00E5FD11 /* 7-6-2026 Improve VoiceOver.md */,
				E167A810300817AA007F7098 /* 7-6-2026 Accessibility and Notification Discussion.md */,
				E1678D3C2FFC5604007F7098 /* 7-6-2026 Add Notification Settings to About.md */,
				E1678D412FFC650E007F7098 /* 7-6-2026 Refresh Time and Notification Improvements.md */,
				E167A811300817EE007F7098 /* 7-7-2026 Final Review.md */,
				E167A8123008181C007F7098 /* 7-8-2026 Indepth Code Review.md */,
				E16797C12FFEE58C007F7098 /* 7-8-2026 Implement Items from Indepth Code Review.md */,
				E16799C930004ACC007F7098 /* 7-9-2026 Bug fixes.md */,
				E1679BD1300549E5007F7098 /* 7-13-2026 Fix Dark Mode bugs.md */,
				E1679DD9300551EC007F7098 /* 7-13-2026 Launch on non-empty Watchlist.md */,
				E1679DDA300561BD007F7098 /* 7-13-2026 Improve Notifications.md */,
				E167A3ED30058305007F7098 /* 7-13-2026 Remove Example Button.md */,
				E167D73A301170C6007F7098 /* 7-13-2026 Watchlist vs Search Design.md */,
				E167AA1C30093F55007F7098 /* 7-16-2026 Fix Notification Bug.md */,
				E167AC23300941D9007F7098 /* 7-16-2026 Feature Removal Discussion.md */,
				E167AC2430094782007F7098 /* 7-16-2026 Implement Removal of Tappable Actor Names.md */,
				E167AE2F30099758007F7098 /* 7-16-2026 Product MVP Discussion.md */,
				E167AE3130099B9C007F7098 /* 7-16-2026 Implement Watchlist Search.md */,
				E167B03B3009D883007F7098 /* 7-16-2026 Add Note about Notification Reliability.md */,
				E167BDBF300ADE10007F7098 /* 7-16-2026 Clean up duplicated code paths.md */,
				E167BFD8300D5DE7007F7098 /* 7-19-2026 Remove Code Duplication Part 1.md */,
				E167BFDD300D61D5007F7098 /* 7-19-2026 Remove Code Duplication Part 2.md */,
				E167BFE2300D67DF007F7098 /* 7-19-2026 Remove Code Duplication Part 3.md */,
				E167CAF1300ED865007F7098 /* 7-20-2026 Implement Code Review Findings.md */,
				E167CC0E300EDAEA007F7098 /* 7-20-2026 Set Theme to Teal and Hide Switcher.md */,
				E167CE47300EE881007F7098 /* 7-20-2026 Project Code and Documentation Review.md */,
				E167D73B30117162007F7098 /* 7-20-2026 MVP vs App Store Roadmap.md */,
				E167D73F3011732D007F7098 /* 7-21-2026 MVP Completion Checklist.md */,
				E167D2C13011533D007F7098 /* 7-22-2026 Watchlist Improvement Discussion.md */,
				E167D2C330115406007F7098 /* 7-22-2026 Watchlist Improvement Implementation.md */,
				E167D2C230115379007F7098 /* 7-22-2026 Watchlist Bug Fixes.md */,
				E167DDF53012B34E007F7098 /* 7-23-2026 Transcript Comparison and Edits.md */,
				E167E0323017F0C9007F7098 /* 7-27-2026 HIG and Liquid Glass Audit.md */,
				E167E0333017F0D7007F7098 /* 7-27-2026 UI Audit Implementation.md */,
				E167E27030180120007F7098 /* 7-27-2026 Fix Watchlist Reload Bug.md */,
				E167ED91301A8BB1007F7098 /* 7-29-2026 App Icon Discussion.md */,
				E167ED92301A8BDC007F7098 /* 7-29-2026 Refactor theming and colors.md */,
				E167F330301D2F41007F7098 /* 7-29-2026 Documentation Review and Cleanup.md */,
				E167FE83301D42A3007F7098 /* 7-31-2026 Remove soak test code.md */,
				E16713F6302512D0007F7098 /* 7-31-2026 Post-MVP Documentation Review and Cleanup.md */,
				E167043A30230010007F7098 /* 8-4-2026 Human Code Review - Questions and Cleanup.md */,
				E167068F3023BA77007F7098 /* 8-4-2026 Discuss Analytics Counters.md */,
				E16706903023BA77007F7098 /* 8-4-2026 Remove unused files.md */,
				E167068D3023BA77007F7098 /* 8-4-2026 Add diagnostics cleanup to pre-App Store Roadmap.md */,
				E167068E3023BA77007F7098 /* 8-4-2026 Add fatalError to pre-App Store Roadmap.md */,
				E16708CD3023CB86007F7098 /* 8-5-2026 Set up swift-format.md */,
				E1670B083023D507007F7098 /* 8-5-2026 Fix Empty Watchlist Alignment.md */,
				E1670D433023D83E007F7098 /* 8-5-2026 Fix Text Color on Empty Result Views.md */,
				E1670F7E30240FE5007F7098 /* 8-5-2026 Discuss Adding Swipe-to-Delete to Watchlist.md */,
				E1670F7F30241008007F7098 /* 8-5-2026 Implement Swipe-to-Delete.md */,
				E16711BA302415B5007F7098 /* 8-5-2026 Discussion of Platform Support.md */,
				E16713F730251340007F7098 /* 8-6-2026 Discuss Floating Section Header Fix.md */,
				E16713F930251376007F7098 /* 8-6-2026 Implement Floating Section Header Fix.md */,
			);
			path = "AI Transcripts";
			sourceTree = "<group>";
		};
/* End PBXGroup section */

/* Begin PBXNativeTarget section */
		E13811CC2FDB795C009C141B /* NextSeason */ = {
			isa = PBXNativeTarget;
			buildConfigurationList = E13811D82FDB795E009C141B /* Build configuration list for PBXNativeTarget "NextSeason" */;
			buildPhases = (
				E13811C92FDB795C009C141B /* Sources */,
				E13811CA2FDB795C009C141B /* Frameworks */,
				E13811CB2FDB795C009C141B /* Resources */,
			);
			buildRules = (
			);
			dependencies = (
			);
			fileSystemSynchronizedGroups = (
				E13811CF2FDB795C009C141B /* NextSeason */,
				E1SHARED012FE400000076FCDD /* NextSeasonShared */,
			);
			name = NextSeason;
			packageProductDependencies = (
			);
			productName = NextSeason;
			productReference = E13811CD2FDB795C009C141B /* NextSeason.app */;
			productType = "com.apple.product-type.application";
		};
		E1DAC5582FDF5A4B00BD81E5 /* NextSeasonTests */ = {
			isa = PBXNativeTarget;
			buildConfigurationList = E1DAC55F2FDF5A4B00BD81E5 /* Build configuration list for PBXNativeTarget "NextSeasonTests" */;
			buildPhases = (
				E1DAC5552FDF5A4B00BD81E5 /* Sources */,
				E1DAC5562FDF5A4B00BD81E5 /* Frameworks */,
				E1DAC5572FDF5A4B00BD81E5 /* Resources */,
			);
			buildRules = (
			);
			dependencies = (
				E1DAC55E2FDF5A4B00BD81E5 /* PBXTargetDependency */,
			);
			fileSystemSynchronizedGroups = (
				E1DAC55A2FDF5A4B00BD81E5 /* NextSeasonTests */,
			);
			name = NextSeasonTests;
			packageProductDependencies = (
			);
			productName = NextSeasonTests;
			productReference = E1DAC5592FDF5A4B00BD81E5 /* NextSeasonTests.xctest */;
			productType = "com.apple.product-type.bundle.unit-test";
		};
		E1UI00032FE400000076FCDD /* NextSeasonUITests */ = {
			isa = PBXNativeTarget;
			buildConfigurationList = E1UI00092FE400000076FCDD /* Build configuration list for PBXNativeTarget "NextSeasonUITests" */;
			buildPhases = (
				E1UI00042FE400000076FCDD /* Sources */,
				E1UI00052FE400000076FCDD /* Frameworks */,
				E1UI00062FE400000076FCDD /* Resources */,
			);
			buildRules = (
			);
			dependencies = (
				E1UI00082FE400000076FCDD /* PBXTargetDependency */,
			);
			fileSystemSynchronizedGroups = (
				E1SHARED012FE400000076FCDD /* NextSeasonShared */,
				E1UI00022FE400000076FCDD /* NextSeasonUITests */,
			);
			name = NextSeasonUITests;
			packageProductDependencies = (
			);
			productName = NextSeasonUITests;
			productReference = E1UI00012FE400000076FCDD /* NextSeasonUITests.xctest */;
			productType = "com.apple.product-type.bundle.ui-testing";
		};
/* End PBXNativeTarget section */

/* Begin PBXProject section */
		E13811C52FDB795C009C141B /* Project object */ = {
			isa = PBXProject;
			attributes = {
				BuildIndependentTargetsInParallel = 1;
				LastSwiftUpdateCheck = 2650;
				LastUpgradeCheck = 2660;
				TargetAttributes = {
					E13811CC2FDB795C009C141B = {
						CreatedOnToolsVersion = 26.5;
					};
					E1DAC5582FDF5A4B00BD81E5 = {
						CreatedOnToolsVersion = 26.5;
						TestTargetID = E13811CC2FDB795C009C141B;
					};
					E1UI00032FE400000076FCDD = {
						CreatedOnToolsVersion = 26.5;
						TestTargetID = E13811CC2FDB795C009C141B;
					};
				};
			};
			buildConfigurationList = E13811C82FDB795C009C141B /* Build configuration list for PBXProject "NextSeason" */;
			developmentRegion = en;
			hasScannedForEncodings = 0;
			knownRegions = (
				en,
				Base,
			);
			mainGroup = E13811C42FDB795C009C141B;
			minimizedProjectReferenceProxies = 1;
			preferredProjectObjectVersion = 77;
			productRefGroup = E13811CE2FDB795C009C141B /* Products */;
			projectDirPath = "";
			projectRoot = "";
			targets = (
				E13811CC2FDB795C009C141B /* NextSeason */,
				E1DAC5582FDF5A4B00BD81E5 /* NextSeasonTests */,
				E1UI00032FE400000076FCDD /* NextSeasonUITests */,
			);
		};
/* End PBXProject section */

/* Begin PBXResourcesBuildPhase section */
		E13811CB2FDB795C009C141B /* Resources */ = {
			isa = PBXResourcesBuildPhase;
			buildActionMask = 2147483647;
			files = (
			);
			runOnlyForDeploymentPostprocessing = 0;
		};
		E1DAC5572FDF5A4B00BD81E5 /* Resources */ = {
			isa = PBXResourcesBuildPhase;
			buildActionMask = 2147483647;
			files = (
			);
			runOnlyForDeploymentPostprocessing = 0;
		};
		E1UI00062FE400000076FCDD /* Resources */ = {
			isa = PBXResourcesBuildPhase;
			buildActionMask = 2147483647;
			files = (
			);
			runOnlyForDeploymentPostprocessing = 0;
		};
/* End PBXResourcesBuildPhase section */

/* Begin PBXSourcesBuildPhase section */
		E13811C92FDB795C009C141B /* Sources */ = {
			isa = PBXSourcesBuildPhase;
			buildActionMask = 2147483647;
			files = (
			);
			runOnlyForDeploymentPostprocessing = 0;
		};
		E1DAC5552FDF5A4B00BD81E5 /* Sources */ = {
			isa = PBXSourcesBuildPhase;
			buildActionMask = 2147483647;
			files = (
			);
			runOnlyForDeploymentPostprocessing = 0;
		};
		E1UI00042FE400000076FCDD /* Sources */ = {
			isa = PBXSourcesBuildPhase;
			buildActionMask = 2147483647;
			files = (
			);
			runOnlyForDeploymentPostprocessing = 0;
		};
/* End PBXSourcesBuildPhase section */

/* Begin PBXTargetDependency section */
		E1DAC55E2FDF5A4B00BD81E5 /* PBXTargetDependency */ = {
			isa = PBXTargetDependency;
			target = E13811CC2FDB795C009C141B /* NextSeason */;
			targetProxy = E1DAC55D2FDF5A4B00BD81E5 /* PBXContainerItemProxy */;
		};
		E1UI00082FE400000076FCDD /* PBXTargetDependency */ = {
			isa = PBXTargetDependency;
			target = E13811CC2FDB795C009C141B /* NextSeason */;
			targetProxy = E1UI00072FE400000076FCDD /* PBXContainerItemProxy */;
		};
/* End PBXTargetDependency section */

/* Begin XCBuildConfiguration section */
		E13811D62FDB795E009C141B /* Debug */ = {
			isa = XCBuildConfiguration;
			buildSettings = {
				ALWAYS_SEARCH_USER_PATHS = NO;
				ASSETCATALOG_COMPILER_GENERATE_SWIFT_ASSET_SYMBOL_EXTENSIONS = YES;
				CLANG_ANALYZER_NONNULL = YES;
				CLANG_ANALYZER_NUMBER_OBJECT_CONVERSION = YES_AGGRESSIVE;
				CLANG_CXX_LANGUAGE_STANDARD = "gnu++20";
				CLANG_ENABLE_MODULES = YES;
				CLANG_ENABLE_OBJC_ARC = YES;
				CLANG_ENABLE_OBJC_WEAK = YES;
				CLANG_WARN_BLOCK_CAPTURE_AUTORELEASING = YES;
				CLANG_WARN_BOOL_CONVERSION = YES;
				CLANG_WARN_COMMA = YES;
				CLANG_WARN_CONSTANT_CONVERSION = YES;
				CLANG_WARN_DEPRECATED_OBJC_IMPLEMENTATIONS = YES;
				CLANG_WARN_DIRECT_OBJC_ISA_USAGE = YES_ERROR;
				CLANG_WARN_DOCUMENTATION_COMMENTS = YES;
				CLANG_WARN_EMPTY_BODY = YES;
				CLANG_WARN_ENUM_CONVERSION = YES;
				CLANG_WARN_INFINITE_RECURSION = YES;
				CLANG_WARN_INT_CONVERSION = YES;
				CLANG_WARN_NON_LITERAL_NULL_CONVERSION = YES;
				CLANG_WARN_OBJC_IMPLICIT_RETAIN_SELF = YES;
				CLANG_WARN_OBJC_LITERAL_CONVERSION = YES;
				CLANG_WARN_OBJC_ROOT_CLASS = YES_ERROR;
				CLANG_WARN_QUOTED_INCLUDE_IN_FRAMEWORK_HEADER = YES;
				CLANG_WARN_RANGE_LOOP_ANALYSIS = YES;
				CLANG_WARN_STRICT_PROTOTYPES = YES;
				CLANG_WARN_SUSPICIOUS_MOVE = YES;
				CLANG_WARN_UNGUARDED_AVAILABILITY = YES_AGGRESSIVE;
				CLANG_WARN_UNREACHABLE_CODE = YES;
				CLANG_WARN__DUPLICATE_METHOD_MATCH = YES;
				COPY_PHASE_STRIP = NO;
				DEBUG_INFORMATION_FORMAT = dwarf;
				DEVELOPMENT_TEAM = 6U9C675XYA;
				ENABLE_STRICT_OBJC_MSGSEND = YES;
				ENABLE_TESTABILITY = YES;
				ENABLE_USER_SCRIPT_SANDBOXING = YES;
				GCC_C_LANGUAGE_STANDARD = gnu17;
				GCC_DYNAMIC_NO_PIC = NO;
				GCC_NO_COMMON_BLOCKS = YES;
				GCC_OPTIMIZATION_LEVEL = 0;
				GCC_PREPROCESSOR_DEFINITIONS = (
					"DEBUG=1",
					"$(inherited)",
				);
				GCC_WARN_64_TO_32_BIT_CONVERSION = YES;
				GCC_WARN_ABOUT_RETURN_TYPE = YES_ERROR;
				GCC_WARN_UNDECLARED_SELECTOR = YES;
				GCC_WARN_UNINITIALIZED_AUTOS = YES_AGGRESSIVE;
				GCC_WARN_UNUSED_FUNCTION = YES;
				GCC_WARN_UNUSED_VARIABLE = YES;
				IPHONEOS_DEPLOYMENT_TARGET = 18.0;
				LOCALIZATION_PREFERS_STRING_CATALOGS = YES;
				MTL_ENABLE_DEBUG_INFO = INCLUDE_SOURCE;
				MTL_FAST_MATH = YES;
				ONLY_ACTIVE_ARCH = YES;
				SDKROOT = iphoneos;
				STRING_CATALOG_GENERATE_SYMBOLS = YES;
				SWIFT_ACTIVE_COMPILATION_CONDITIONS = "DEBUG $(inherited)";
				SWIFT_OPTIMIZATION_LEVEL = "-Onone";
			};
			name = Debug;
		};
		E13811D72FDB795E009C141B /* Release */ = {
			isa = XCBuildConfiguration;
			buildSettings = {
				ALWAYS_SEARCH_USER_PATHS = NO;
				ASSETCATALOG_COMPILER_GENERATE_SWIFT_ASSET_SYMBOL_EXTENSIONS = YES;
				CLANG_ANALYZER_NONNULL = YES;
				CLANG_ANALYZER_NUMBER_OBJECT_CONVERSION = YES_AGGRESSIVE;
				CLANG_CXX_LANGUAGE_STANDARD = "gnu++20";
				CLANG_ENABLE_MODULES = YES;
				CLANG_ENABLE_OBJC_ARC = YES;
				CLANG_ENABLE_OBJC_WEAK = YES;
				CLANG_WARN_BLOCK_CAPTURE_AUTORELEASING = YES;
				CLANG_WARN_BOOL_CONVERSION = YES;
				CLANG_WARN_COMMA = YES;
				CLANG_WARN_CONSTANT_CONVERSION = YES;
				CLANG_WARN_DEPRECATED_OBJC_IMPLEMENTATIONS = YES;
				CLANG_WARN_DIRECT_OBJC_ISA_USAGE = YES_ERROR;
				CLANG_WARN_DOCUMENTATION_COMMENTS = YES;
				CLANG_WARN_EMPTY_BODY = YES;
				CLANG_WARN_ENUM_CONVERSION = YES;
				CLANG_WARN_INFINITE_RECURSION = YES;
				CLANG_WARN_INT_CONVERSION = YES;
				CLANG_WARN_NON_LITERAL_NULL_CONVERSION = YES;
				CLANG_WARN_OBJC_IMPLICIT_RETAIN_SELF = YES;
				CLANG_WARN_OBJC_LITERAL_CONVERSION = YES;
				CLANG_WARN_OBJC_ROOT_CLASS = YES_ERROR;
				CLANG_WARN_QUOTED_INCLUDE_IN_FRAMEWORK_HEADER = YES;
				CLANG_WARN_RANGE_LOOP_ANALYSIS = YES;
				CLANG_WARN_STRICT_PROTOTYPES = YES;
				CLANG_WARN_SUSPICIOUS_MOVE = YES;
				CLANG_WARN_UNGUARDED_AVAILABILITY = YES_AGGRESSIVE;
				CLANG_WARN_UNREACHABLE_CODE = YES;
				CLANG_WARN__DUPLICATE_METHOD_MATCH = YES;
				COPY_PHASE_STRIP = NO;
				DEBUG_INFORMATION_FORMAT = "dwarf-with-dsym";
				DEVELOPMENT_TEAM = 6U9C675XYA;
				ENABLE_NS_ASSERTIONS = NO;
				ENABLE_STRICT_OBJC_MSGSEND = YES;
				ENABLE_USER_SCRIPT_SANDBOXING = YES;
				GCC_C_LANGUAGE_STANDARD = gnu17;
				GCC_NO_COMMON_BLOCKS = YES;
				GCC_WARN_64_TO_32_BIT_CONVERSION = YES;
				GCC_WARN_ABOUT_RETURN_TYPE = YES_ERROR;
				GCC_WARN_UNDECLARED_SELECTOR = YES;
				GCC_WARN_UNINITIALIZED_AUTOS = YES_AGGRESSIVE;
				GCC_WARN_UNUSED_FUNCTION = YES;
				GCC_WARN_UNUSED_VARIABLE = YES;
				IPHONEOS_DEPLOYMENT_TARGET = 18.0;
				LOCALIZATION_PREFERS_STRING_CATALOGS = YES;
				MTL_ENABLE_DEBUG_INFO = NO;
				MTL_FAST_MATH = YES;
				SDKROOT = iphoneos;
				STRING_CATALOG_GENERATE_SYMBOLS = YES;
				SWIFT_COMPILATION_MODE = wholemodule;
				VALIDATE_PRODUCT = YES;
			};
			name = Release;
		};
		E13811D92FDB795E009C141B /* Debug */ = {
			isa = XCBuildConfiguration;
			buildSettings = {
				ASSETCATALOG_COMPILER_APPICON_NAME = AppIcon;
				ASSETCATALOG_COMPILER_GLOBAL_ACCENT_COLOR_NAME = AccentColor;
				CODE_SIGN_STYLE = Automatic;
				CURRENT_PROJECT_VERSION = 22;
				DEVELOPMENT_TEAM = JTVUXCB28U;
				ENABLE_PREVIEWS = YES;
				GENERATE_INFOPLIST_FILE = YES;
				INFOPLIST_FILE = "App-Info.plist";
				INFOPLIST_KEY_CFBundleDisplayName = NextSeason;
				INFOPLIST_KEY_ITSAppUsesNonExemptEncryption = NO;
				INFOPLIST_KEY_UIApplicationSceneManifest_Generation = YES;
				INFOPLIST_KEY_UIApplicationSupportsIndirectInputEvents = YES;
				INFOPLIST_KEY_UILaunchScreen_Generation = YES;
				INFOPLIST_KEY_UISupportedInterfaceOrientations = UIInterfaceOrientationPortrait;
				INFOPLIST_KEY_UISupportedInterfaceOrientations_iPad = "UIInterfaceOrientationLandscapeLeft UIInterfaceOrientationLandscapeRight UIInterfaceOrientationPortrait UIInterfaceOrientationPortraitUpsideDown";
				LD_RUNPATH_SEARCH_PATHS = (
					"$(inherited)",
					"@executable_path/Frameworks",
				);
				MARKETING_VERSION = 1.0;
				PRODUCT_BUNDLE_IDENTIFIER = com.TrialByFyre.NextSeason;
				PRODUCT_NAME = "$(TARGET_NAME)";
				STRING_CATALOG_GENERATE_SYMBOLS = YES;
				SUPPORTED_PLATFORMS = "iphoneos iphonesimulator";
				SUPPORTS_MACCATALYST = NO;
				SUPPORTS_MAC_DESIGNED_FOR_IPHONE_IPAD = NO;
				SUPPORTS_XR_DESIGNED_FOR_IPHONE_IPAD = NO;
				SWIFT_APPROACHABLE_CONCURRENCY = YES;
				SWIFT_DEFAULT_ACTOR_ISOLATION = MainActor;
				SWIFT_EMIT_LOC_STRINGS = YES;
				SWIFT_UPCOMING_FEATURE_MEMBER_IMPORT_VISIBILITY = YES;
				SWIFT_VERSION = 6.0;
				TARGETED_DEVICE_FAMILY = 1;
			};
			name = Debug;
		};
		E13811DA2FDB795E009C141B /* Release */ = {
			isa = XCBuildConfiguration;
			buildSettings = {
				ASSETCATALOG_COMPILER_APPICON_NAME = AppIcon;
				ASSETCATALOG_COMPILER_GLOBAL_ACCENT_COLOR_NAME = AccentColor;
				CODE_SIGN_STYLE = Automatic;
				CURRENT_PROJECT_VERSION = 22;
				DEVELOPMENT_TEAM = JTVUXCB28U;
				ENABLE_PREVIEWS = YES;
				GENERATE_INFOPLIST_FILE = YES;
				INFOPLIST_FILE = "App-Info.plist";
				INFOPLIST_KEY_CFBundleDisplayName = NextSeason;
				INFOPLIST_KEY_ITSAppUsesNonExemptEncryption = NO;
				INFOPLIST_KEY_UIApplicationSceneManifest_Generation = YES;
				INFOPLIST_KEY_UIApplicationSupportsIndirectInputEvents = YES;
				INFOPLIST_KEY_UILaunchScreen_Generation = YES;
				INFOPLIST_KEY_UISupportedInterfaceOrientations = UIInterfaceOrientationPortrait;
				INFOPLIST_KEY_UISupportedInterfaceOrientations_iPad = "UIInterfaceOrientationLandscapeLeft UIInterfaceOrientationLandscapeRight UIInterfaceOrientationPortrait UIInterfaceOrientationPortraitUpsideDown";
				LD_RUNPATH_SEARCH_PATHS = (
					"$(inherited)",
					"@executable_path/Frameworks",
				);
				MARKETING_VERSION = 1.0;
				PRODUCT_BUNDLE_IDENTIFIER = com.TrialByFyre.NextSeason;
				PRODUCT_NAME = "$(TARGET_NAME)";
				STRING_CATALOG_GENERATE_SYMBOLS = YES;
				SUPPORTED_PLATFORMS = "iphoneos iphonesimulator";
				SUPPORTS_MACCATALYST = NO;
				SUPPORTS_MAC_DESIGNED_FOR_IPHONE_IPAD = NO;
				SUPPORTS_XR_DESIGNED_FOR_IPHONE_IPAD = NO;
				SWIFT_APPROACHABLE_CONCURRENCY = YES;
				SWIFT_DEFAULT_ACTOR_ISOLATION = MainActor;
				SWIFT_EMIT_LOC_STRINGS = YES;
				SWIFT_UPCOMING_FEATURE_MEMBER_IMPORT_VISIBILITY = YES;
				SWIFT_VERSION = 6.0;
				TARGETED_DEVICE_FAMILY = 1;
			};
			name = Release;
		};
		E1DAC5602FDF5A4B00BD81E5 /* Debug */ = {
			isa = XCBuildConfiguration;
			buildSettings = {
				BUNDLE_LOADER = "$(TEST_HOST)";
				CODE_SIGN_STYLE = Automatic;
				CURRENT_PROJECT_VERSION = 1;
				DEVELOPMENT_TEAM = JTVUXCB28U;
				GENERATE_INFOPLIST_FILE = YES;
				MARKETING_VERSION = 1.0;
				PRODUCT_BUNDLE_IDENTIFIER = com.TBF.NextSeasonTests;
				PRODUCT_NAME = "$(TARGET_NAME)";
				STRING_CATALOG_GENERATE_SYMBOLS = NO;
				SUPPORTED_PLATFORMS = "iphoneos iphonesimulator";
				SUPPORTS_MACCATALYST = NO;
				SUPPORTS_MAC_DESIGNED_FOR_IPHONE_IPAD = NO;
				SUPPORTS_XR_DESIGNED_FOR_IPHONE_IPAD = NO;
				SWIFT_APPROACHABLE_CONCURRENCY = YES;
				SWIFT_EMIT_LOC_STRINGS = NO;
				SWIFT_UPCOMING_FEATURE_MEMBER_IMPORT_VISIBILITY = YES;
				SWIFT_VERSION = 6.0;
				TARGETED_DEVICE_FAMILY = 1;
				TEST_HOST = "$(BUILT_PRODUCTS_DIR)/NextSeason.app/$(BUNDLE_EXECUTABLE_FOLDER_PATH)/NextSeason";
			};
			name = Debug;
		};
		E1DAC5612FDF5A4B00BD81E5 /* Release */ = {
			isa = XCBuildConfiguration;
			buildSettings = {
				BUNDLE_LOADER = "$(TEST_HOST)";
				CODE_SIGN_STYLE = Automatic;
				CURRENT_PROJECT_VERSION = 1;
				DEVELOPMENT_TEAM = JTVUXCB28U;
				GENERATE_INFOPLIST_FILE = YES;
				MARKETING_VERSION = 1.0;
				PRODUCT_BUNDLE_IDENTIFIER = com.TBF.NextSeasonTests;
				PRODUCT_NAME = "$(TARGET_NAME)";
				STRING_CATALOG_GENERATE_SYMBOLS = NO;
				SUPPORTED_PLATFORMS = "iphoneos iphonesimulator";
				SUPPORTS_MACCATALYST = NO;
				SUPPORTS_MAC_DESIGNED_FOR_IPHONE_IPAD = NO;
				SUPPORTS_XR_DESIGNED_FOR_IPHONE_IPAD = NO;
				SWIFT_APPROACHABLE_CONCURRENCY = YES;
				SWIFT_EMIT_LOC_STRINGS = NO;
				SWIFT_UPCOMING_FEATURE_MEMBER_IMPORT_VISIBILITY = YES;
				SWIFT_VERSION = 6.0;
				TARGETED_DEVICE_FAMILY = 1;
				TEST_HOST = "$(BUILT_PRODUCTS_DIR)/NextSeason.app/$(BUNDLE_EXECUTABLE_FOLDER_PATH)/NextSeason";
			};
			name = Release;
		};
		E1UI000A2FE400000076FCDD /* Debug */ = {
			isa = XCBuildConfiguration;
			buildSettings = {
				CODE_SIGN_STYLE = Automatic;
				CURRENT_PROJECT_VERSION = 1;
				DEVELOPMENT_TEAM = JTVUXCB28U;
				GENERATE_INFOPLIST_FILE = YES;
				MARKETING_VERSION = 1.0;
				PRODUCT_BUNDLE_IDENTIFIER = com.TBF.NextSeasonUITests;
				PRODUCT_NAME = "$(TARGET_NAME)";
				STRING_CATALOG_GENERATE_SYMBOLS = NO;
				SUPPORTED_PLATFORMS = "iphoneos iphonesimulator";
				SUPPORTS_MACCATALYST = NO;
				SUPPORTS_MAC_DESIGNED_FOR_IPHONE_IPAD = NO;
				SUPPORTS_XR_DESIGNED_FOR_IPHONE_IPAD = NO;
				SWIFT_APPROACHABLE_CONCURRENCY = YES;
				SWIFT_EMIT_LOC_STRINGS = NO;
				SWIFT_UPCOMING_FEATURE_MEMBER_IMPORT_VISIBILITY = YES;
				SWIFT_VERSION = 6.0;
				TARGETED_DEVICE_FAMILY = 1;
				TEST_TARGET_NAME = NextSeason;
			};
			name = Debug;
		};
		E1UI000B2FE400000076FCDD /* Release */ = {
			isa = XCBuildConfiguration;
			buildSettings = {
				CODE_SIGN_STYLE = Automatic;
				CURRENT_PROJECT_VERSION = 1;
				DEVELOPMENT_TEAM = JTVUXCB28U;
				GENERATE_INFOPLIST_FILE = YES;
				MARKETING_VERSION = 1.0;
				PRODUCT_BUNDLE_IDENTIFIER = com.TBF.NextSeasonUITests;
				PRODUCT_NAME = "$(TARGET_NAME)";
				STRING_CATALOG_GENERATE_SYMBOLS = NO;
				SUPPORTED_PLATFORMS = "iphoneos iphonesimulator";
				SUPPORTS_MACCATALYST = NO;
				SUPPORTS_MAC_DESIGNED_FOR_IPHONE_IPAD = NO;
				SUPPORTS_XR_DESIGNED_FOR_IPHONE_IPAD = NO;
				SWIFT_APPROACHABLE_CONCURRENCY = YES;
				SWIFT_EMIT_LOC_STRINGS = NO;
				SWIFT_UPCOMING_FEATURE_MEMBER_IMPORT_VISIBILITY = YES;
				SWIFT_VERSION = 6.0;
				TARGETED_DEVICE_FAMILY = 1;
				TEST_TARGET_NAME = NextSeason;
			};
			name = Release;
		};
/* End XCBuildConfiguration section */

/* Begin XCConfigurationList section */
		E13811C82FDB795C009C141B /* Build configuration list for PBXProject "NextSeason" */ = {
			isa = XCConfigurationList;
			buildConfigurations = (
				E13811D62FDB795E009C141B /* Debug */,
				E13811D72FDB795E009C141B /* Release */,
			);
			defaultConfigurationIsVisible = 0;
			defaultConfigurationName = Release;
		};
		E13811D82FDB795E009C141B /* Build configuration list for PBXNativeTarget "NextSeason" */ = {
			isa = XCConfigurationList;
			buildConfigurations = (
				E13811D92FDB795E009C141B /* Debug */,
				E13811DA2FDB795E009C141B /* Release */,
			);
			defaultConfigurationIsVisible = 0;
			defaultConfigurationName = Release;
		};
		E1DAC55F2FDF5A4B00BD81E5 /* Build configuration list for PBXNativeTarget "NextSeasonTests" */ = {
			isa = XCConfigurationList;
			buildConfigurations = (
				E1DAC5602FDF5A4B00BD81E5 /* Debug */,
				E1DAC5612FDF5A4B00BD81E5 /* Release */,
			);
			defaultConfigurationIsVisible = 0;
			defaultConfigurationName = Release;
		};
		E1UI00092FE400000076FCDD /* Build configuration list for PBXNativeTarget "NextSeasonUITests" */ = {
			isa = XCConfigurationList;
			buildConfigurations = (
				E1UI000A2FE400000076FCDD /* Debug */,
				E1UI000B2FE400000076FCDD /* Release */,
			);
			defaultConfigurationIsVisible = 0;
			defaultConfigurationName = Release;
		};
/* End XCConfigurationList section */
	};
	rootObject = E13811C52FDB795C009C141B /* Project object */;
}
